// !$*UTF8*$!
{
	archiveVersion = 1;
	classes = {
	};
	objectVersion = 56;
	objects = {

/* Begin PBXBuildFile section */
		4016E0312C093E3900AFA35D /* FormFieldViewModifier.swift in Sources */ = {isa = PBXBuildFile; fileRef = 4016E0302C093E3900AFA35D /* FormFieldViewModifier.swift */; };
		4016E0342C094AAE00AFA35D /* ThreadsTabBarView.swift in Sources */ = {isa = PBXBuildFile; fileRef = 4016E0332C094AAE00AFA35D /* ThreadsTabBarView.swift */; };
		4016E03B2C0950CB00AFA35D /* ActivityView.swift in Sources */ = {isa = PBXBuildFile; fileRef = 4016E03A2C0950CB00AFA35D /* ActivityView.swift */; };
		4016E03D2C0950F400AFA35D /* ExplorerView.swift in Sources */ = {isa = PBXBuildFile; fileRef = 4016E03C2C0950F400AFA35D /* ExplorerView.swift */; };
		4016E03F2C09511B00AFA35D /* FeedView.swift in Sources */ = {isa = PBXBuildFile; fileRef = 4016E03E2C09511B00AFA35D /* FeedView.swift */; };
		4016E0412C09513400AFA35D /* ProfileView.swift in Sources */ = {isa = PBXBuildFile; fileRef = 4016E0402C09513400AFA35D /* ProfileView.swift */; };
		4016E0432C09514900AFA35D /* FeedsCreationView.swift in Sources */ = {isa = PBXBuildFile; fileRef = 4016E0422C09514900AFA35D /* FeedsCreationView.swift */; };
		4016E04B2C095B6F00AFA35D /* ThreadItemView.swift in Sources */ = {isa = PBXBuildFile; fileRef = 4016E04A2C095B6F00AFA35D /* ThreadItemView.swift */; };
		4016E04F2C09675700AFA35D /* ThreadsUserItemIView.swift in Sources */ = {isa = PBXBuildFile; fileRef = 4016E04E2C09675700AFA35D /* ThreadsUserItemIView.swift */; };
		4016E0512C09679A00AFA35D /* ThreadsCircleImage.swift in Sources */ = {isa = PBXBuildFile; fileRef = 4016E0502C09679A00AFA35D /* ThreadsCircleImage.swift */; };
		4016E0552C09DBE200AFA35D /* ProfileThreadsFilter.swift in Sources */ = {isa = PBXBuildFile; fileRef = 4016E0542C09DBE200AFA35D /* ProfileThreadsFilter.swift */; };
		4016E0572C09E25200AFA35D /* EditProfileView.swift in Sources */ = {isa = PBXBuildFile; fileRef = 4016E0562C09E25200AFA35D /* EditProfileView.swift */; };
		405E75E12C0AA50600315324 /* GoogleService-Info.plist in Resources */ = {isa = PBXBuildFile; fileRef = 405E75E02C0AA50600315324 /* GoogleService-Info.plist */; };
		405E75E42C0AA7D000315324 /* FirebaseAuth in Frameworks */ = {isa = PBXBuildFile; productRef = 405E75E32C0AA7D000315324 /* FirebaseAuth */; };
		405E75E62C0AA7D000315324 /* FirebaseDatabaseSwift in Frameworks */ = {isa = PBXBuildFile; productRef = 405E75E52C0AA7D000315324 /* FirebaseDatabaseSwift */; };
		405E75E82C0AA7D000315324 /* FirebaseFirestore in Frameworks */ = {isa = PBXBuildFile; productRef = 405E75E72C0AA7D000315324 /* FirebaseFirestore */; };
		4097840F2C092D520010F509 /* ThreadsCloneApp.swift in Sources */ = {isa = PBXBuildFile; fileRef = 4097840E2C092D520010F509 /* ThreadsCloneApp.swift */; };
		409784112C092D520010F509 /* ContentView.swift in Sources */ = {isa = PBXBuildFile; fileRef = 409784102C092D520010F509 /* ContentView.swift */; };
		409784132C092D550010F509 /* Assets.xcassets in Resources */ = {isa = PBXBuildFile; fileRef = 409784122C092D550010F509 /* Assets.xcassets */; };
		409784162C092D550010F509 /* Preview Assets.xcassets in Resources */ = {isa = PBXBuildFile; fileRef = 409784152C092D550010F509 /* Preview Assets.xcassets */; };
		409784262C092DF00010F509 /* SignInView.swift in Sources */ = {isa = PBXBuildFile; fileRef = 409784252C092DF00010F509 /* SignInView.swift */; };
		409784282C092E080010F509 /* SignUpView.swift in Sources */ = {isa = PBXBuildFile; fileRef = 409784272C092E080010F509 /* SignUpView.swift */; };
		4097842A2C092E2D0010F509 /* ForgotPasswordView.swift in Sources */ = {isa = PBXBuildFile; fileRef = 409784292C092E2D0010F509 /* ForgotPasswordView.swift */; };
		4097842C2C092F040010F509 /* ThreadsFormFieldView.swift in Sources */ = {isa = PBXBuildFile; fileRef = 4097842B2C092F040010F509 /* ThreadsFormFieldView.swift */; };
		4097842E2C092F250010F509 /* ThreadsTextBtnView.swift in Sources */ = {isa = PBXBuildFile; fileRef = 4097842D2C092F250010F509 /* ThreadsTextBtnView.swift */; };
		409784302C093BA90010F509 /* ThreadsAppLogoView.swift in Sources */ = {isa = PBXBuildFile; fileRef = 4097842F2C093BA90010F509 /* ThreadsAppLogoView.swift */; };
		40ACEF6D2C1EEA0400797A0E /* SignUpViewModel.swift in Sources */ = {isa = PBXBuildFile; fileRef = 40ACEF6C2C1EEA0400797A0E /* SignUpViewModel.swift */; };
		40ACEF6F2C1EEB7400797A0E /* AuthService.swift in Sources */ = {isa = PBXBuildFile; fileRef = 40ACEF6E2C1EEB7400797A0E /* AuthService.swift */; };
		40ACEF732C1F038D00797A0E /* ContentViewModel.swift in Sources */ = {isa = PBXBuildFile; fileRef = 40ACEF722C1F038D00797A0E /* ContentViewModel.swift */; };
		40ACEF752C1F1BA600797A0E /* SignInViewModel.swift in Sources */ = {isa = PBXBuildFile; fileRef = 40ACEF742C1F1BA600797A0E /* SignInViewModel.swift */; };
		40ACEF772C1F1DFE00797A0E /* ProfileSettingsView.swift in Sources */ = {isa = PBXBuildFile; fileRef = 40ACEF762C1F1DFE00797A0E /* ProfileSettingsView.swift */; };
		40ACEF7D2C1F4F4900797A0E /* SplashScreenView.swift in Sources */ = {isa = PBXBuildFile; fileRef = 40ACEF7C2C1F4F4900797A0E /* SplashScreenView.swift */; };
/* End PBXBuildFile section */

/* Begin PBXFileReference section */
		4016E0302C093E3900AFA35D /* FormFieldViewModifier.swift */ = {isa = PBXFileReference; lastKnownFileType = sourcecode.swift; path = FormFieldViewModifier.swift; sourceTree = "<group>"; };
		4016E0332C094AAE00AFA35D /* ThreadsTabBarView.swift */ = {isa = PBXFileReference; lastKnownFileType = sourcecode.swift; path = ThreadsTabBarView.swift; sourceTree = "<group>"; };
		4016E03A2C0950CB00AFA35D /* ActivityView.swift */ = {isa = PBXFileReference; lastKnownFileType = sourcecode.swift; path = ActivityView.swift; sourceTree = "<group>"; };
		4016E03C2C0950F400AFA35D /* ExplorerView.swift */ = {isa = PBXFileReference; lastKnownFileType = sourcecode.swift; path = ExplorerView.swift; sourceTree = "<group>"; };
		4016E03E2C09511B00AFA35D /* FeedView.swift */ = {isa = PBXFileReference; lastKnownFileType = sourcecode.swift; path = FeedView.swift; sourceTree = "<group>"; };
		4016E0402C09513400AFA35D /* ProfileView.swift */ = {isa = PBXFileReference; lastKnownFileType = sourcecode.swift; path = ProfileView.swift; sourceTree = "<group>"; };
		4016E0422C09514900AFA35D /* FeedsCreationView.swift */ = {isa = PBXFileReference; lastKnownFileType = sourcecode.swift; path = FeedsCreationView.swift; sourceTree = "<group>"; };
		4016E0442C09538400AFA35D /* README.md */ = {isa = PBXFileReference; lastKnownFileType = net.daringfireball.markdown; path = README.md; sourceTree = "<group>"; };
		4016E04A2C095B6F00AFA35D /* ThreadItemView.swift */ = {isa = PBXFileReference; lastKnownFileType = sourcecode.swift; path = ThreadItemView.swift; sourceTree = "<group>"; };
		4016E04E2C09675700AFA35D /* ThreadsUserItemIView.swift */ = {isa = PBXFileReference; lastKnownFileType = sourcecode.swift; path = ThreadsUserItemIView.swift; sourceTree = "<group>"; };
		4016E0502C09679A00AFA35D /* ThreadsCircleImage.swift */ = {isa = PBXFileReference; lastKnownFileType = sourcecode.swift; path = ThreadsCircleImage.swift; sourceTree = "<group>"; };
		4016E0542C09DBE200AFA35D /* ProfileThreadsFilter.swift */ = {isa = PBXFileReference; lastKnownFileType = sourcecode.swift; path = ProfileThreadsFilter.swift; sourceTree = "<group>"; };
		4016E0562C09E25200AFA35D /* EditProfileView.swift */ = {isa = PBXFileReference; lastKnownFileType = sourcecode.swift; path = EditProfileView.swift; sourceTree = "<group>"; };
		405E75E02C0AA50600315324 /* GoogleService-Info.plist */ = {isa = PBXFileReference; fileEncoding = 4; lastKnownFileType = text.plist.xml; path = "GoogleService-Info.plist"; sourceTree = "<group>"; };
		4097840B2C092D520010F509 /* ThreadsClone.app */ = {isa = PBXFileReference; explicitFileType = wrapper.application; includeInIndex = 0; path = ThreadsClone.app; sourceTree = BUILT_PRODUCTS_DIR; };
		4097840E2C092D520010F509 /* ThreadsCloneApp.swift */ = {isa = PBXFileReference; lastKnownFileType = sourcecode.swift; path = ThreadsCloneApp.swift; sourceTree = "<group>"; };
		409784102C092D520010F509 /* ContentView.swift */ = {isa = PBXFileReference; lastKnownFileType = sourcecode.swift; path = ContentView.swift; sourceTree = "<group>"; };
		409784122C092D550010F509 /* Assets.xcassets */ = {isa = PBXFileReference; lastKnownFileType = folder.assetcatalog; path = Assets.xcassets; sourceTree = "<group>"; };
		409784152C092D550010F509 /* Preview Assets.xcassets */ = {isa = PBXFileReference; lastKnownFileType = folder.assetcatalog; path = "Preview Assets.xcassets"; sourceTree = "<group>"; };
		409784252C092DF00010F509 /* SignInView.swift */ = {isa = PBXFileReference; lastKnownFileType = sourcecode.swift; path = SignInView.swift; sourceTree = "<group>"; };
		409784272C092E080010F509 /* SignUpView.swift */ = {isa = PBXFileReference; lastKnownFileType = sourcecode.swift; path = SignUpView.swift; sourceTree = "<group>"; };
		409784292C092E2D0010F509 /* ForgotPasswordView.swift */ = {isa = PBXFileReference; lastKnownFileType = sourcecode.swift; path = ForgotPasswordView.swift; sourceTree = "<group>"; };
		4097842B2C092F040010F509 /* ThreadsFormFieldView.swift */ = {isa = PBXFileReference; lastKnownFileType = sourcecode.swift; path = ThreadsFormFieldView.swift; sourceTree = "<group>"; };
		4097842D2C092F250010F509 /* ThreadsTextBtnView.swift */ = {isa = PBXFileReference; lastKnownFileType = sourcecode.swift; path = ThreadsTextBtnView.swift; sourceTree = "<group>"; };
		4097842F2C093BA90010F509 /* ThreadsAppLogoView.swift */ = {isa = PBXFileReference; lastKnownFileType = sourcecode.swift; path = ThreadsAppLogoView.swift; sourceTree = "<group>"; };
		40ACEF6C2C1EEA0400797A0E /* SignUpViewModel.swift */ = {isa = PBXFileReference; lastKnownFileType = sourcecode.swift; path = SignUpViewModel.swift; sourceTree = "<group>"; };
		40ACEF6E2C1EEB7400797A0E /* AuthService.swift */ = {isa = PBXFileReference; lastKnownFileType = sourcecode.swift; path = AuthService.swift; sourceTree = "<group>"; };
		40ACEF722C1F038D00797A0E /* ContentViewModel.swift */ = {isa = PBXFileReference; lastKnownFileType = sourcecode.swift; path = ContentViewModel.swift; sourceTree = "<group>"; };
		40ACEF742C1F1BA600797A0E /* SignInViewModel.swift */ = {isa = PBXFileReference; lastKnownFileType = sourcecode.swift; path = SignInViewModel.swift; sourceTree = "<group>"; };
		40ACEF762C1F1DFE00797A0E /* ProfileSettingsView.swift */ = {isa = PBXFileReference; lastKnownFileType = sourcecode.swift; path = ProfileSettingsView.swift; sourceTree = "<group>"; };
		40ACEF7C2C1F4F4900797A0E /* SplashScreenView.swift */ = {isa = PBXFileReference; lastKnownFileType = sourcecode.swift; path = SplashScreenView.swift; sourceTree = "<group>"; };
/* End PBXFileReference section */

/* Begin PBXFrameworksBuildPhase section */
		409784082C092D520010F509 /* Frameworks */ = {
			isa = PBXFrameworksBuildPhase;
			buildActionMask = 2147483647;
			files = (
				405E75E62C0AA7D000315324 /* FirebaseDatabaseSwift in Frameworks */,
				405E75E42C0AA7D000315324 /* FirebaseAuth in Frameworks */,
				405E75E82C0AA7D000315324 /* FirebaseFirestore in Frameworks */,
			);
			runOnlyForDeploymentPostprocessing = 0;
		};
/* End PBXFrameworksBuildPhase section */

/* Begin PBXGroup section */
		4016E02F2C093DF900AFA35D /* ViewModifier */ = {
			isa = PBXGroup;
			children = (
				4016E0302C093E3900AFA35D /* FormFieldViewModifier.swift */,
			);
			path = ViewModifier;
			sourceTree = "<group>";
		};
		4016E0322C094A5100AFA35D /* TabBar */ = {
			isa = PBXGroup;
			children = (
				4016E0332C094AAE00AFA35D /* ThreadsTabBarView.swift */,
			);
			path = TabBar;
			sourceTree = "<group>";
		};
		4016E0352C094FCB00AFA35D /* Explorer */ = {
			isa = PBXGroup;
			children = (
				4016E0462C095A2400AFA35D /* View */,
			);
			path = Explorer;
			sourceTree = "<group>";
		};
		4016E0362C094FE500AFA35D /* Feed */ = {
			isa = PBXGroup;
			children = (
				4016E0472C095A2A00AFA35D /* View */,
			);
			path = Feed;
			sourceTree = "<group>";
		};
		4016E0372C09503000AFA35D /* Profile */ = {
			isa = PBXGroup;
			children = (
				4016E0522C09DBA300AFA35D /* Model */,
				4016E0482C095A3000AFA35D /* View */,
			);
			path = Profile;
			sourceTree = "<group>";
		};
		4016E0382C09507500AFA35D /* FeedsCreation */ = {
			isa = PBXGroup;
			children = (
				4016E0492C095A4400AFA35D /* View */,
			);
			path = FeedsCreation;
			sourceTree = "<group>";
		};
		4016E0392C0950A600AFA35D /* Activity */ = {
			isa = PBXGroup;
			children = (
				4016E0452C095A1D00AFA35D /* View */,
			);
			path = Activity;
			sourceTree = "<group>";
		};
		4016E0452C095A1D00AFA35D /* View */ = {
			isa = PBXGroup;
			children = (
				4016E03A2C0950CB00AFA35D /* ActivityView.swift */,
			);
			path = View;
			sourceTree = "<group>";
		};
		4016E0462C095A2400AFA35D /* View */ = {
			isa = PBXGroup;
			children = (
				4016E03C2C0950F400AFA35D /* ExplorerView.swift */,
			);
			path = View;
			sourceTree = "<group>";
		};
		4016E0472C095A2A00AFA35D /* View */ = {
			isa = PBXGroup;
			children = (
				4016E03E2C09511B00AFA35D /* FeedView.swift */,
			);
			path = View;
			sourceTree = "<group>";
		};
		4016E0482C095A3000AFA35D /* View */ = {
			isa = PBXGroup;
			children = (
				4016E0402C09513400AFA35D /* ProfileView.swift */,
				4016E0562C09E25200AFA35D /* EditProfileView.swift */,
			);
			path = View;
			sourceTree = "<group>";
		};
		4016E0492C095A4400AFA35D /* View */ = {
			isa = PBXGroup;
			children = (
				4016E0422C09514900AFA35D /* FeedsCreationView.swift */,
			);
			path = View;
			sourceTree = "<group>";
		};
		4016E0522C09DBA300AFA35D /* Model */ = {
			isa = PBXGroup;
			children = (
				4016E0542C09DBE200AFA35D /* ProfileThreadsFilter.swift */,
			);
			path = Model;
			sourceTree = "<group>";
		};
		409784022C092D520010F509 = {
			isa = PBXGroup;
			children = (
				4016E0442C09538400AFA35D /* README.md */,
				4097841C2C092D6A0010F509 /* Docs */,
				4097840D2C092D520010F509 /* ThreadsClone */,
				4097840C2C092D520010F509 /* Products */,
			);
			sourceTree = "<group>";
		};
		4097840C2C092D520010F509 /* Products */ = {
			isa = PBXGroup;
			children = (
				4097840B2C092D520010F509 /* ThreadsClone.app */,
			);
			name = Products;
			sourceTree = "<group>";
		};
		4097840D2C092D520010F509 /* ThreadsClone */ = {
			isa = PBXGroup;
			children = (
				4097841D2C092D740010F509 /* App */,
				4097841E2C092D7C0010F509 /* Core */,
				4097841F2C092D830010F509 /* Services */,
				409784202C092D8A0010F509 /* Utils */,
				409784212C092D920010F509 /* Extensions */,
				409784122C092D550010F509 /* Assets.xcassets */,
				409784142C092D550010F509 /* Preview Content */,
			);
			path = ThreadsClone;
			sourceTree = "<group>";
		};
		409784142C092D550010F509 /* Preview Content */ = {
			isa = PBXGroup;
			children = (
				409784152C092D550010F509 /* Preview Assets.xcassets */,
			);
			path = "Preview Content";
			sourceTree = "<group>";
		};
		4097841C2C092D6A0010F509 /* Docs */ = {
			isa = PBXGroup;
			children = (
			);
			path = Docs;
			sourceTree = "<group>";
		};
		4097841D2C092D740010F509 /* App */ = {
			isa = PBXGroup;
			children = (
				4097840E2C092D520010F509 /* ThreadsCloneApp.swift */,
			);
			path = App;
			sourceTree = "<group>";
		};
		4097841E2C092D7C0010F509 /* Core */ = {
			isa = PBXGroup;
			children = (
				409784242C092DD10010F509 /* Components */,
				409784222C092DBD0010F509 /* Auth */,
				4016E0392C0950A600AFA35D /* Activity */,
				4016E0352C094FCB00AFA35D /* Explorer */,
				4016E0362C094FE500AFA35D /* Feed */,
				4016E0372C09503000AFA35D /* Profile */,
				40ACEF782C1F1E5700797A0E /* Settings */,
				4016E0382C09507500AFA35D /* FeedsCreation */,
				4016E0322C094A5100AFA35D /* TabBar */,
				409784232C092DC70010F509 /* Root */,
			);
			path = Core;
			sourceTree = "<group>";
		};
		4097841F2C092D830010F509 /* Services */ = {
			isa = PBXGroup;
			children = (
			);
			path = Services;
			sourceTree = "<group>";
		};
		409784202C092D8A0010F509 /* Utils */ = {
			isa = PBXGroup;
			children = (
				405E75E02C0AA50600315324 /* GoogleService-Info.plist */,
				4016E02F2C093DF900AFA35D /* ViewModifier */,
			);
			path = Utils;
			sourceTree = "<group>";
		};
		409784212C092D920010F509 /* Extensions */ = {
			isa = PBXGroup;
			children = (
			);
			path = Extensions;
			sourceTree = "<group>";
		};
		409784222C092DBD0010F509 /* Auth */ = {
			isa = PBXGroup;
			children = (
				40ACEF6B2C1EE9AB00797A0E /* ViewModel */,
				40ACEF6A2C1EE99F00797A0E /* Views */,
				40ACEF692C1EE97F00797A0E /* Service */,
			);
			path = Auth;
			sourceTree = "<group>";
		};
		409784232C092DC70010F509 /* Root */ = {
			isa = PBXGroup;
			children = (
				40ACEF712C1F037100797A0E /* ViewModel */,
				40ACEF702C1F035C00797A0E /* View */,
			);
			path = Root;
			sourceTree = "<group>";
		};
		409784242C092DD10010F509 /* Components */ = {
			isa = PBXGroup;
			children = (
				4097842B2C092F040010F509 /* ThreadsFormFieldView.swift */,
				4097842D2C092F250010F509 /* ThreadsTextBtnView.swift */,
				4097842F2C093BA90010F509 /* ThreadsAppLogoView.swift */,
				4016E04A2C095B6F00AFA35D /* ThreadItemView.swift */,
				4016E04E2C09675700AFA35D /* ThreadsUserItemIView.swift */,
				4016E0502C09679A00AFA35D /* ThreadsCircleImage.swift */,
			);
			path = Components;
			sourceTree = "<group>";
		};
		40ACEF692C1EE97F00797A0E /* Service */ = {
			isa = PBXGroup;
			children = (
				40ACEF6E2C1EEB7400797A0E /* AuthService.swift */,
			);
			path = Service;
			sourceTree = "<group>";
		};
		40ACEF6A2C1EE99F00797A0E /* Views */ = {
			isa = PBXGroup;
			children = (
				409784252C092DF00010F509 /* SignInView.swift */,
				409784272C092E080010F509 /* SignUpView.swift */,
				409784292C092E2D0010F509 /* ForgotPasswordView.swift */,
			);
			path = Views;
			sourceTree = "<group>";
		};
		40ACEF6B2C1EE9AB00797A0E /* ViewModel */ = {
			isa = PBXGroup;
			children = (
				40ACEF6C2C1EEA0400797A0E /* SignUpViewModel.swift */,
				40ACEF742C1F1BA600797A0E /* SignInViewModel.swift */,
			);
			path = ViewModel;
			sourceTree = "<group>";
		};
		40ACEF702C1F035C00797A0E /* View */ = {
			isa = PBXGroup;
			children = (
				409784102C092D520010F509 /* ContentView.swift */,
				40ACEF7C2C1F4F4900797A0E /* SplashScreenView.swift */,
			);
			path = View;
			sourceTree = "<group>";
		};
		40ACEF712C1F037100797A0E /* ViewModel */ = {
			isa = PBXGroup;
			children = (
				40ACEF722C1F038D00797A0E /* ContentViewModel.swift */,
			);
			path = ViewModel;
			sourceTree = "<group>";
		};
		40ACEF782C1F1E5700797A0E /* Settings */ = {
			isa = PBXGroup;
			children = (
				40ACEF792C1F1E6F00797A0E /* View */,
				40ACEF7A2C1F1E7600797A0E /* ViewModel */,
				40ACEF7B2C1F1E7D00797A0E /* Service */,
			);
			path = Settings;
			sourceTree = "<group>";
		};
		40ACEF792C1F1E6F00797A0E /* View */ = {
			isa = PBXGroup;
			children = (
				40ACEF762C1F1DFE00797A0E /* ProfileSettingsView.swift */,
			);
			path = View;
			sourceTree = "<group>";
		};
		40ACEF7A2C1F1E7600797A0E /* ViewModel */ = {
			isa = PBXGroup;
			children = (
			);
			path = ViewModel;
			sourceTree = "<group>";
		};
		40ACEF7B2C1F1E7D00797A0E /* Service */ = {
			isa = PBXGroup;
			children = (
			);
			path = Service;
			sourceTree = "<group>";
		};
/* End PBXGroup section */

/* Begin PBXNativeTarget section */
		4097840A2C092D520010F509 /* ThreadsClone */ = {
			isa = PBXNativeTarget;
			buildConfigurationList = 409784192C092D550010F509 /* Build configuration list for PBXNativeTarget "ThreadsClone" */;
			buildPhases = (
				409784072C092D520010F509 /* Sources */,
				409784082C092D520010F509 /* Frameworks */,
				409784092C092D520010F509 /* Resources */,
			);
			buildRules = (
			);
			dependencies = (
			);
			name = ThreadsClone;
			packageProductDependencies = (
				405E75E32C0AA7D000315324 /* FirebaseAuth */,
				405E75E52C0AA7D000315324 /* FirebaseDatabaseSwift */,
				405E75E72C0AA7D000315324 /* FirebaseFirestore */,
			);
			productName = ThreadsClone;
			productReference = 4097840B2C092D520010F509 /* ThreadsClone.app */;
			productType = "com.apple.product-type.application";
		};
/* End PBXNativeTarget section */

/* Begin PBXProject section */
		409784032C092D520010F509 /* Project object */ = {
			isa = PBXProject;
			attributes = {
				BuildIndependentTargetsInParallel = 1;
				LastSwiftUpdateCheck = 1540;
				LastUpgradeCheck = 1540;
				TargetAttributes = {
					4097840A2C092D520010F509 = {
						CreatedOnToolsVersion = 15.4;
					};
				};
			};
			buildConfigurationList = 409784062C092D520010F509 /* Build configuration list for PBXProject "ThreadsClone" */;
			compatibilityVersion = "Xcode 14.0";
			developmentRegion = en;
			hasScannedForEncodings = 0;
			knownRegions = (
				en,
				Base,
			);
			mainGroup = 409784022C092D520010F509;
			packageReferences = (
				405E75E22C0AA7D000315324 /* XCRemoteSwiftPackageReference "firebase-ios-sdk" */,
			);
			productRefGroup = 4097840C2C092D520010F509 /* Products */;
			projectDirPath = "";
			projectRoot = "";
			targets = (
				4097840A2C092D520010F509 /* ThreadsClone */,
			);
		};
/* End PBXProject section */

/* Begin PBXResourcesBuildPhase section */
		409784092C092D520010F509 /* Resources */ = {
			isa = PBXResourcesBuildPhase;
			buildActionMask = 2147483647;
			files = (
				409784162C092D550010F509 /* Preview Assets.xcassets in Resources */,
				409784132C092D550010F509 /* Assets.xcassets in Resources */,
				405E75E12C0AA50600315324 /* GoogleService-Info.plist in Resources */,
			);
			runOnlyForDeploymentPostprocessing = 0;
		};
/* End PBXResourcesBuildPhase section */

/* Begin PBXSourcesBuildPhase section */
		409784072C092D520010F509 /* Sources */ = {
			isa = PBXSourcesBuildPhase;
			buildActionMask = 2147483647;
			files = (
				4016E03B2C0950CB00AFA35D /* ActivityView.swift in Sources */,
				40ACEF7D2C1F4F4900797A0E /* SplashScreenView.swift in Sources */,
				4016E04F2C09675700AFA35D /* ThreadsUserItemIView.swift in Sources */,
				4016E04B2C095B6F00AFA35D /* ThreadItemView.swift in Sources */,
				4016E0552C09DBE200AFA35D /* ProfileThreadsFilter.swift in Sources */,
				409784282C092E080010F509 /* SignUpView.swift in Sources */,
				40ACEF6F2C1EEB7400797A0E /* AuthService.swift in Sources */,
				409784302C093BA90010F509 /* ThreadsAppLogoView.swift in Sources */,
				4097842E2C092F250010F509 /* ThreadsTextBtnView.swift in Sources */,
				409784262C092DF00010F509 /* SignInView.swift in Sources */,
				4016E0512C09679A00AFA35D /* ThreadsCircleImage.swift in Sources */,
				4016E03D2C0950F400AFA35D /* ExplorerView.swift in Sources */,
				40ACEF6D2C1EEA0400797A0E /* SignUpViewModel.swift in Sources */,
				40ACEF732C1F038D00797A0E /* ContentViewModel.swift in Sources */,
				40ACEF772C1F1DFE00797A0E /* ProfileSettingsView.swift in Sources */,
				4016E0312C093E3900AFA35D /* FormFieldViewModifier.swift in Sources */,
				409784112C092D520010F509 /* ContentView.swift in Sources */,
				4097842A2C092E2D0010F509 /* ForgotPasswordView.swift in Sources */,
				4097840F2C092D520010F509 /* ThreadsCloneApp.swift in Sources */,
				4016E0572C09E25200AFA35D /* EditProfileView.swift in Sources */,
				4016E03F2C09511B00AFA35D /* FeedView.swift in Sources */,
				4016E0342C094AAE00AFA35D /* ThreadsTabBarView.swift in Sources */,
				40ACEF752C1F1BA600797A0E /* SignInViewModel.swift in Sources */,
				4016E0412C09513400AFA35D /* ProfileView.swift in Sources */,
				4016E0432C09514900AFA35D /* FeedsCreationView.swift in Sources */,
				4097842C2C092F040010F509 /* ThreadsFormFieldView.swift in Sources */,
			);
			runOnlyForDeploymentPostprocessing = 0;
		};
/* End PBXSourcesBuildPhase section */

/* Begin XCBuildConfiguration section */
		409784172C092D550010F509 /* Debug */ = {
			isa = XCBuildConfiguration;
			buildSettings = {
				ALWAYS_SEARCH_USER_PATHS = NO;
				ASSETCATALOG_COMPILER_GENERATE_SWIFT_ASSET_SYMBOL_EXTENSIONS = YES;
				CLANG_ANALYZER_NONNULL = YES;
				CLANG_ANALYZER_NUMBER_OBJECT_CONVERSION = YES_AGGRESSIVE;
				CLANG_CXX_LANGUAGE_STANDARD = "gnu++20";
				CLANG_ENABLE_MODULES = YES;
				CLANG_ENABLE_OBJC_ARC = YES;
				CLANG_ENABLE_OBJC_WEAK = YES;
				CLANG_WARN_BLOCK_CAPTURE_AUTORELEASING = YES;
				CLANG_WARN_BOOL_CONVERSION = YES;
				CLANG_WARN_COMMA = YES;
				CLANG_WARN_CONSTANT_CONVERSION = YES;
				CLANG_WARN_DEPRECATED_OBJC_IMPLEMENTATIONS = YES;
				CLANG_WARN_DIRECT_OBJC_ISA_USAGE = YES_ERROR;
				CLANG_WARN_DOCUMENTATION_COMMENTS = YES;
				CLANG_WARN_EMPTY_BODY = YES;
				CLANG_WARN_ENUM_CONVERSION = YES;
				CLANG_WARN_INFINITE_RECURSION = YES;
				CLANG_WARN_INT_CONVERSION = YES;
				CLANG_WARN_NON_LITERAL_NULL_CONVERSION = YES;
				CLANG_WARN_OBJC_IMPLICIT_RETAIN_SELF = YES;
				CLANG_WARN_OBJC_LITERAL_CONVERSION = YES;
				CLANG_WARN_OBJC_ROOT_CLASS = YES_ERROR;
				CLANG_WARN_QUOTED_INCLUDE_IN_FRAMEWORK_HEADER = YES;
				CLANG_WARN_RANGE_LOOP_ANALYSIS = YES;
				CLANG_WARN_STRICT_PROTOTYPES = YES;
				CLANG_WARN_SUSPICIOUS_MOVE = YES;
				CLANG_WARN_UNGUARDED_AVAILABILITY = YES_AGGRESSIVE;
				CLANG_WARN_UNREACHABLE_CODE = YES;
				CLANG_WARN__DUPLICATE_METHOD_MATCH = YES;
				COPY_PHASE_STRIP = NO;
				DEBUG_INFORMATION_FORMAT = dwarf;
				ENABLE_STRICT_OBJC_MSGSEND = YES;
				ENABLE_TESTABILITY = YES;
				ENABLE_USER_SCRIPT_SANDBOXING = YES;
				GCC_C_LANGUAGE_STANDARD = gnu17;
				GCC_DYNAMIC_NO_PIC = NO;
				GCC_NO_COMMON_BLOCKS = YES;
				GCC_OPTIMIZATION_LEVEL = 0;
				GCC_PREPROCESSOR_DEFINITIONS = (
					"DEBUG=1",
					"$(inherited)",
				);
				GCC_WARN_64_TO_32_BIT_CONVERSION = YES;
				GCC_WARN_ABOUT_RETURN_TYPE = YES_ERROR;
				GCC_WARN_UNDECLARED_SELECTOR = YES;
				GCC_WARN_UNINITIALIZED_AUTOS = YES_AGGRESSIVE;
				GCC_WARN_UNUSED_FUNCTION = YES;
				GCC_WARN_UNUSED_VARIABLE = YES;
				IPHONEOS_DEPLOYMENT_TARGET = 17.5;
				LOCALIZATION_PREFERS_STRING_CATALOGS = YES;
				MTL_ENABLE_DEBUG_INFO = INCLUDE_SOURCE;
				MTL_FAST_MATH = YES;
				ONLY_ACTIVE_ARCH = YES;
				SDKROOT = iphoneos;
				SWIFT_ACTIVE_COMPILATION_CONDITIONS = "DEBUG $(inherited)";
				SWIFT_OPTIMIZATION_LEVEL = "-Onone";
			};
			name = Debug;
		};
		409784182C092D550010F509 /* Release */ = {
			isa = XCBuildConfiguration;
			buildSettings = {
				ALWAYS_SEARCH_USER_PATHS = NO;
				ASSETCATALOG_COMPILER_GENERATE_SWIFT_ASSET_SYMBOL_EXTENSIONS = YES;
				CLANG_ANALYZER_NONNULL = YES;
				CLANG_ANALYZER_NUMBER_OBJECT_CONVERSION = YES_AGGRESSIVE;
				CLANG_CXX_LANGUAGE_STANDARD = "gnu++20";
				CLANG_ENABLE_MODULES = YES;
				CLANG_ENABLE_OBJC_ARC = YES;
				CLANG_ENABLE_OBJC_WEAK = YES;
				CLANG_WARN_BLOCK_CAPTURE_AUTORELEASING = YES;
				CLANG_WARN_BOOL_CONVERSION = YES;
				CLANG_WARN_COMMA = YES;
				CLANG_WARN_CONSTANT_CONVERSION = YES;
				CLANG_WARN_DEPRECATED_OBJC_IMPLEMENTATIONS = YES;
				CLANG_WARN_DIRECT_OBJC_ISA_USAGE = YES_ERROR;
				CLANG_WARN_DOCUMENTATION_COMMENTS = YES;
				CLANG_WARN_EMPTY_BODY = YES;
				CLANG_WARN_ENUM_CONVERSION = YES;
				CLANG_WARN_INFINITE_RECURSION = YES;
				CLANG_WARN_INT_CONVERSION = YES;
				CLANG_WARN_NON_LITERAL_NULL_CONVERSION = YES;
				CLANG_WARN_OBJC_IMPLICIT_RETAIN_SELF = YES;
				CLANG_WARN_OBJC_LITERAL_CONVERSION = YES;
				CLANG_WARN_OBJC_ROOT_CLASS = YES_ERROR;
				CLANG_WARN_QUOTED_INCLUDE_IN_FRAMEWORK_HEADER = YES;
				CLANG_WARN_RANGE_LOOP_ANALYSIS = YES;
				CLANG_WARN_STRICT_PROTOTYPES = YES;
				CLANG_WARN_SUSPICIOUS_MOVE = YES;
				CLANG_WARN_UNGUARDED_AVAILABILITY = YES_AGGRESSIVE;
				CLANG_WARN_UNREACHABLE_CODE = YES;
				CLANG_WARN__DUPLICATE_METHOD_MATCH = YES;
				COPY_PHASE_STRIP = NO;
				DEBUG_INFORMATION_FORMAT = "dwarf-with-dsym";
				ENABLE_NS_ASSERTIONS = NO;
				ENABLE_STRICT_OBJC_MSGSEND = YES;
				ENABLE_USER_SCRIPT_SANDBOXING = YES;
				GCC_C_LANGUAGE_STANDARD = gnu17;
				GCC_NO_COMMON_BLOCKS = YES;
				GCC_WARN_64_TO_32_BIT_CONVERSION = YES;
				GCC_WARN_ABOUT_RETURN_TYPE = YES_ERROR;
				GCC_WARN_UNDECLARED_SELECTOR = YES;
				GCC_WARN_UNINITIALIZED_AUTOS = YES_AGGRESSIVE;
				GCC_WARN_UNUSED_FUNCTION = YES;
				GCC_WARN_UNUSED_VARIABLE = YES;
				IPHONEOS_DEPLOYMENT_TARGET = 17.5;
				LOCALIZATION_PREFERS_STRING_CATALOGS = YES;
				MTL_ENABLE_DEBUG_INFO = NO;
				MTL_FAST_MATH = YES;
				SDKROOT = iphoneos;
				SWIFT_COMPILATION_MODE = wholemodule;
				VALIDATE_PRODUCT = YES;
			};
			name = Release;
		};
		4097841A2C092D550010F509 /* Debug */ = {
			isa = XCBuildConfiguration;
			buildSettings = {
				ASSETCATALOG_COMPILER_APPICON_NAME = AppIcon;
				ASSETCATALOG_COMPILER_GLOBAL_ACCENT_COLOR_NAME = AccentColor;
				CODE_SIGN_STYLE = Automatic;
				CURRENT_PROJECT_VERSION = 1;
				DEVELOPMENT_ASSET_PATHS = "\"ThreadsClone/Preview Content\"";
				DEVELOPMENT_TEAM = 3D9D57539G;
				ENABLE_PREVIEWS = YES;
				GENERATE_INFOPLIST_FILE = YES;
				INFOPLIST_KEY_UIApplicationSceneManifest_Generation = YES;
				INFOPLIST_KEY_UIApplicationSupportsIndirectInputEvents = YES;
				INFOPLIST_KEY_UILaunchScreen_Generation = YES;
				INFOPLIST_KEY_UISupportedInterfaceOrientations_iPad = "UIInterfaceOrientationPortrait UIInterfaceOrientationPortraitUpsideDown UIInterfaceOrientationLandscapeLeft UIInterfaceOrientationLandscapeRight";
				INFOPLIST_KEY_UISupportedInterfaceOrientations_iPhone = "UIInterfaceOrientationPortrait UIInterfaceOrientationLandscapeLeft UIInterfaceOrientationLandscapeRight";
				LD_RUNPATH_SEARCH_PATHS = (
					"$(inherited)",
					"@executable_path/Frameworks",
				);
				MARKETING_VERSION = 1.0;
				PRODUCT_BUNDLE_IDENTIFIER = co.essejacques.ThreadsClone;
				PRODUCT_NAME = "$(TARGET_NAME)";
				SWIFT_EMIT_LOC_STRINGS = YES;
				SWIFT_VERSION = 5.0;
				TARGETED_DEVICE_FAMILY = "1,2";
			};
			name = Debug;
		};
		4097841B2C092D550010F509 /* Release */ = {
			isa = XCBuildConfiguration;
			buildSettings = {
				ASSETCATALOG_COMPILER_APPICON_NAME = AppIcon;
				ASSETCATALOG_COMPILER_GLOBAL_ACCENT_COLOR_NAME = AccentColor;
				CODE_SIGN_STYLE = Automatic;
				CURRENT_PROJECT_VERSION = 1;
				DEVELOPMENT_ASSET_PATHS = "\"ThreadsClone/Preview Content\"";
				DEVELOPMENT_TEAM = 3D9D57539G;
				ENABLE_PREVIEWS = YES;
				GENERATE_INFOPLIST_FILE = YES;
				INFOPLIST_KEY_UIApplicationSceneManifest_Generation = YES;
				INFOPLIST_KEY_UIApplicationSupportsIndirectInputEvents = YES;
				INFOPLIST_KEY_UILaunchScreen_Generation = YES;
				INFOPLIST_KEY_UISupportedInterfaceOrientations_iPad = "UIInterfaceOrientationPortrait UIInterfaceOrientationPortraitUpsideDown UIInterfaceOrientationLandscapeLeft UIInterfaceOrientationLandscapeRight";
				INFOPLIST_KEY_UISupportedInterfaceOrientations_iPhone = "UIInterfaceOrientationPortrait UIInterfaceOrientationLandscapeLeft UIInterfaceOrientationLandscapeRight";
				LD_RUNPATH_SEARCH_PATHS = (
					"$(inherited)",
					"@executable_path/Frameworks",
				);
				MARKETING_VERSION = 1.0;
				PRODUCT_BUNDLE_IDENTIFIER = co.essejacques.ThreadsClone;
				PRODUCT_NAME = "$(TARGET_NAME)";
				SWIFT_EMIT_LOC_STRINGS = YES;
				SWIFT_VERSION = 5.0;
				TARGETED_DEVICE_FAMILY = "1,2";
			};
			name = Release;
		};
/* End XCBuildConfiguration section */

/* Begin XCConfigurationList section */
		409784062C092D520010F509 /* Build configuration list for PBXProject "ThreadsClone" */ = {
			isa = XCConfigurationList;
			buildConfigurations = (
				409784172C092D550010F509 /* Debug */,
				409784182C092D550010F509 /* Release */,
			);
			defaultConfigurationIsVisible = 0;
			defaultConfigurationName = Release;
		};
		409784192C092D550010F509 /* Build configuration list for PBXNativeTarget "ThreadsClone" */ = {
			isa = XCConfigurationList;
			buildConfigurations = (
				4097841A2C092D550010F509 /* Debug */,
				4097841B2C092D550010F509 /* Release */,
			);
			defaultConfigurationIsVisible = 0;
			defaultConfigurationName = Release;
		};
/* End XCConfigurationList section */

/* Begin XCRemoteSwiftPackageReference section */
		405E75E22C0AA7D000315324 /* XCRemoteSwiftPackageReference "firebase-ios-sdk" */ = {
			isa = XCRemoteSwiftPackageReference;
			repositoryURL = "https://github.com/firebase/firebase-ios-sdk";
			requirement = {
				kind = upToNextMajorVersion;
				minimumVersion = 10.27.0;
			};
		};
/* End XCRemoteSwiftPackageReference section */

/* Begin XCSwiftPackageProductDependency section */
		405E75E32C0AA7D000315324 /* FirebaseAuth */ = {
			isa = XCSwiftPackageProductDependency;
			package = 405E75E22C0AA7D000315324 /* XCRemoteSwiftPackageReference "firebase-ios-sdk" */;
			productName = FirebaseAuth;
		};
		405E75E52C0AA7D000315324 /* FirebaseDatabaseSwift */ = {
			isa = XCSwiftPackageProductDependency;
			package = 405E75E22C0AA7D000315324 /* XCRemoteSwiftPackageReference "firebase-ios-sdk" */;
			productName = FirebaseDatabaseSwift;
		};
		405E75E72C0AA7D000315324 /* FirebaseFirestore */ = {
			isa = XCSwiftPackageProductDependency;
			package = 405E75E22C0AA7D000315324 /* XCRemoteSwiftPackageReference "firebase-ios-sdk" */;
			productName = FirebaseFirestore;
		};
/* End XCSwiftPackageProductDependency section */
	};
	rootObject = 409784032C092D520010F509 /* Project object */;
}
