// !$*UTF8*$!
{
	archiveVersion = 1;
	classes = {
	};
	objectVersion = 56;
	objects = {

/* Begin PBXBuildFile section */
		4016E0312C093E3900AFA35D /* FormFieldViewModifier.swift in Sources */ = {isa = PBXBuildFile; fileRef = 4016E0302C093E3900AFA35D /* FormFieldViewModifier.swift */; };
		4016E0342C094AAE00AFA35D /* ThreadsTabBarView.swift in Sources */ = {isa = PBXBuildFile; fileRef = 4016E0332C094AAE00AFA35D /* ThreadsTabBarView.swift */; };
		4016E03B2C0950CB00AFA35D /* ActivityView.swift in Sources */ = {isa = PBXBuildFile; fileRef = 4016E03A2C0950CB00AFA35D /* ActivityView.swift */; };
		4016E03D2C0950F400AFA35D /* ExplorerView.swift in Sources */ = {isa = PBXBuildFile; fileRef = 4016E03C2C0950F400AFA35D /* ExplorerView.swift */; };
		4016E03F2C09511B00AFA35D /* FeedView.swift in Sources */ = {isa = PBXBuildFile; fileRef = 4016E03E2C09511B00AFA35D /* FeedView.swift */; };
		4016E0412C09513400AFA35D /* ProfileView.swift in Sources */ = {isa = PBXBuildFile; fileRef = 4016E0402C09513400AFA35D /* ProfileView.swift */; };
		4016E0432C09514900AFA35D /* FeedsCreationView.swift in Sources */ = {isa = PBXBuildFile; fileRef = 4016E0422C09514900AFA35D /* FeedsCreationView.swift */; };
		4016E04B2C095B6F00AFA35D /* ThreadItemView.swift in Sources */ = {isa = PBXBuildFile; fileRef = 4016E04A2C095B6F00AFA35D /* ThreadItemView.swift */; };
		4016E04F2C09675700AFA35D /* ThreadsUserItemIView.swift in Sources */ = {isa = PBXBuildFile; fileRef = 4016E04E2C09675700AFA35D /* ThreadsUserItemIView.swift */; };
		4016E0512C09679A00AFA35D /* ThreadsCircleImage.swift in Sources */ = {isa = PBXBuildFile; fileRef = 4016E0502C09679A00AFA35D /* ThreadsCircleImage.swift */; };
		4016E0552C09DBE200AFA35D /* ProfileThreadsFilter.swift in Sources */ = {isa = PBXBuildFile; fileRef = 4016E0542C09DBE200AFA35D /* ProfileThreadsFilter.swift */; };
		4016E0572C09E25200AFA35D /* EditProfileView.swift in Sources */ = {isa = PBXBuildFile; fileRef = 4016E0562C09E25200AFA35D /* EditProfileView.swift */; };
		405E75E12C0AA50600315324 /* GoogleService-Info.plist in Resources */ = {isa = PBXBuildFile; fileRef = 405E75E02C0AA50600315324 /* GoogleService-Info.plist */; };
		405E75E42C0AA7D000315324 /* FirebaseAuth in Frameworks */ = {isa = PBXBuildFile; productRef = 405E75E32C0AA7D000315324 /* FirebaseAuth */; };
		405E75E62C0AA7D000315324 /* FirebaseDatabaseSwift in Frameworks */ = {isa = PBXBuildFile; productRef = 405E75E52C0AA7D000315324 /* FirebaseDatabaseSwift */; };
		405E75E82C0AA7D000315324 /* FirebaseFirestore in Frameworks */ = {isa = PBXBuildFile; productRef = 405E75E72C0AA7D000315324 /* FirebaseFirestore */; };
		4097840F2C092D520010F509 /* ThreadsCloneApp.swift in Sources */ = {isa = PBXBuildFile; fileRef = 4097840E2C092D520010F509 /* ThreadsCloneApp.swift */; };
		409784112C092D520010F509 /* ContentView.swift in Sources */ = {isa = PBXBuildFile; fileRef = 409784102C092D520010F509 /* ContentView.swift */; };
		409784132C092D550010F509 /* Assets.xcassets in Resources */ = {isa = PBXBuildFile; fileRef = 409784122C092D550010F509 /* Assets.xcassets */; };
		409784162C092D550010F509 /* Preview Assets.xcassets in Resources */ = {isa = PBXBuildFile; fileRef = 409784152C092D550010F509 /* Preview Assets.xcassets */; };
		409784262C092DF00010F509 /* SignInView.swift in Sources */ = {isa = PBXBuildFile; fileRef = 409784252C092DF00010F509 /* SignInView.swift */; };
		409784282C092E080010F509 /* SignUpView.swift in Sources */ = {isa = PBXBuildFile; fileRef = 409784272C092E080010F509 /* SignUpView.swift */; };
		4097842A2C092E2D0010F509 /* ForgotPasswordView.swift in Sources */ = {isa = PBXBuildFile; fileRef = 409784292C092E2D0010F509 /* ForgotPasswordView.swift */; };
		4097842C2C092F040010F509 /* ThreadsFormFieldView.swift in Sources */ = {isa = PBXBuildFile; fileRef = 4097842B2C092F040010F509 /* ThreadsFormFieldView.swift */; };
		4097842E2C092F250010F509 /* ThreadsTextBtnView.swift in Sources */ = {isa = PBXBuildFile; fileRef = 4097842D2C092F250010F509 /* ThreadsTextBtnView.swift */; };
		409784302C093BA90010F509 /* ThreadsAppLogoView.swift in Sources */ = {isa = PBXBuildFile; fileRef = 4097842F2C093BA90010F509 /* ThreadsAppLogoView.swift */; };
		40ACEF6D2C1EEA0400797A0E /* SignUpViewModel.swift in Sources */ = {isa = PBXBuildFile; fileRef = 40ACEF6C2C1EEA0400797A0E /* SignUpViewModel.swift */; };
		40ACEF6F2C1EEB7400797A0E /* AuthService.swift in Sources */ = {isa = PBXBuildFile; fileRef = 40ACEF6E2C1EEB7400797A0E /* AuthService.swift */; };
		40ACEF732C1F038D00797A0E /* ContentViewModel.swift in Sources */ = {isa = PBXBuildFile; fileRef = 40ACEF722C1F038D00797A0E /* ContentViewModel.swift */; };
		40ACEF752C1F1BA600797A0E /* SignInViewModel.swift in Sources */ = {isa = PBXBuildFile; fileRef = 40ACEF742C1F1BA600797A0E /* SignInViewModel.swift */; };
		40ACEF772C1F1DFE00797A0E /* ProfileSettingsView.swift in Sources */ = {isa = PBXBuildFile; fileRef = 40ACEF762C1F1DFE00797A0E /* ProfileSettingsView.swift */; };
		40ACEF7D2C1F4F4900797A0E /* SplashScreenView.swift in Sources */ = {isa = PBXBuildFile; fileRef = 40ACEF7C2C1F4F4900797A0E /* SplashScreenView.swift */; };
		40ACEF802C1F8DD600797A0E /* User.swift in Sources */ = {isa = PBXBuildFile; fileRef = 40ACEF7F2C1F8DD600797A0E /* User.swift */; };
		40ACEF822C1F91BA00797A0E /* FirebaseFirestoreSwift in Frameworks */ = {isa = PBXBuildFile; productRef = 40ACEF812C1F91BA00797A0E /* FirebaseFirestoreSwift */; };
		40ACEF842C1F93E000797A0E /* UserService.swift in Sources */ = {isa = PBXBuildFile; fileRef = 40ACEF832C1F93E000797A0E /* UserService.swift */; };
		40ACEF872C1F95C200797A0E /* CurrentUserProfileViewModel.swift in Sources */ = {isa = PBXBuildFile; fileRef = 40ACEF862C1F95C200797A0E /* CurrentUserProfileViewModel.swift */; };
		40ACEF8A2C1FBCBD00797A0E /* ExploreViewModel.swift in Sources */ = {isa = PBXBuildFile; fileRef = 40ACEF892C1FBCBD00797A0E /* ExploreViewModel.swift */; };
		40ACEF8C2C1FCA0F00797A0E /* PreviewProvider.swift in Sources */ = {isa = PBXBuildFile; fileRef = 40ACEF8B2C1FCA0F00797A0E /* PreviewProvider.swift */; };
		40ACEF8E2C201A5200797A0E /* CurrentUserProfile.swift in Sources */ = {isa = PBXBuildFile; fileRef = 40ACEF8D2C201A5200797A0E /* CurrentUserProfile.swift */; };
		40ACEF912C201E8300797A0E /* ProfileHeaderView.swift in Sources */ = {isa = PBXBuildFile; fileRef = 40ACEF902C201E8300797A0E /* ProfileHeaderView.swift */; };
		40ACEF932C20236C00797A0E /* UserContentListView.swift in Sources */ = {isa = PBXBuildFile; fileRef = 40ACEF922C20236C00797A0E /* UserContentListView.swift */; };
		40ACEF952C20327C00797A0E /* EditProfileViewModel.swift in Sources */ = {isa = PBXBuildFile; fileRef = 40ACEF942C20327C00797A0E /* EditProfileViewModel.swift */; };
		40ACEF972C20343500797A0E /* ImageUpload.swift in Sources */ = {isa = PBXBuildFile; fileRef = 40ACEF962C20343500797A0E /* ImageUpload.swift */; };
		40ACEF992C2034FE00797A0E /* FirebaseStorage in Frameworks */ = {isa = PBXBuildFile; productRef = 40ACEF982C2034FE00797A0E /* FirebaseStorage */; };
		40ACEF9C2C20557E00797A0E /* Kingfisher in Frameworks */ = {isa = PBXBuildFile; productRef = 40ACEF9B2C20557E00797A0E /* Kingfisher */; };
		40ACEF9E2C2058C300797A0E /* Thread.swift in Sources */ = {isa = PBXBuildFile; fileRef = 40ACEF9D2C2058C300797A0E /* Thread.swift */; };
		40ACEFA12C2059B800797A0E /* FeedsCreationViewModel.swift in Sources */ = {isa = PBXBuildFile; fileRef = 40ACEFA02C2059B800797A0E /* FeedsCreationViewModel.swift */; };
		40ACEFA32C205A0400797A0E /* ThreadService.swift in Sources */ = {isa = PBXBuildFile; fileRef = 40ACEFA22C205A0400797A0E /* ThreadService.swift */; };
		40ACEFA62C20636800797A0E /* FeedViewModel.swift in Sources */ = {isa = PBXBuildFile; fileRef = 40ACEFA52C20636800797A0E /* FeedViewModel.swift */; };
		40ACEFA82C209D9B00797A0E /* ProfileViewModel.swift in Sources */ = {isa = PBXBuildFile; fileRef = 40ACEFA72C209D9B00797A0E /* ProfileViewModel.swift */; };
		40ACEFAC2C20A26B00797A0E /* UserContentViewModel.swift in Sources */ = {isa = PBXBuildFile; fileRef = 40ACEFAB2C20A26B00797A0E /* UserContentViewModel.swift */; };
		40ACEFB02C20E4A900797A0E /* Like.swift in Sources */ = {isa = PBXBuildFile; fileRef = 40ACEFAF2C20E4A900797A0E /* Like.swift */; };
		40ACEFB22C20E4C700797A0E /* Repost.swift in Sources */ = {isa = PBXBuildFile; fileRef = 40ACEFB12C20E4C700797A0E /* Repost.swift */; };
		40ACEFB42C20E4E200797A0E /* Reply.swift in Sources */ = {isa = PBXBuildFile; fileRef = 40ACEFB32C20E4E200797A0E /* Reply.swift */; };
		40ACEFB62C2180BA00797A0E /* LikeService.swift in Sources */ = {isa = PBXBuildFile; fileRef = 40ACEFB52C2180BA00797A0E /* LikeService.swift */; };
		40ACEFB82C2180E500797A0E /* RepostService.swift in Sources */ = {isa = PBXBuildFile; fileRef = 40ACEFB72C2180E500797A0E /* RepostService.swift */; };
		40ACEFBA2C2180F500797A0E /* ReplyService.swift in Sources */ = {isa = PBXBuildFile; fileRef = 40ACEFB92C2180F500797A0E /* ReplyService.swift */; };
		40ACEFBC2C218ECB00797A0E /* Timestamp.swift in Sources */ = {isa = PBXBuildFile; fileRef = 40ACEFBB2C218ECB00797A0E /* Timestamp.swift */; };
		40ACEFBE2C21965700797A0E /* ThreadItemViewModel.swift in Sources */ = {isa = PBXBuildFile; fileRef = 40ACEFBD2C21965700797A0E /* ThreadItemViewModel.swift */; };
		40ACEFC02C21AA3700797A0E /* Follow.swift in Sources */ = {isa = PBXBuildFile; fileRef = 40ACEFBF2C21AA3700797A0E /* Follow.swift */; };
		40ACEFC42C21AB0000797A0E /* Activity.swift in Sources */ = {isa = PBXBuildFile; fileRef = 40ACEFC32C21AAFF00797A0E /* Activity.swift */; };
		40ACEFC72C21F49200797A0E /* FeedDetailsView.swift in Sources */ = {isa = PBXBuildFile; fileRef = 40ACEFC62C21F49100797A0E /* FeedDetailsView.swift */; };
		40ACEFC92C21FABB00797A0E /* ThreadItemViewButtons.swift in Sources */ = {isa = PBXBuildFile; fileRef = 40ACEFC82C21FABB00797A0E /* ThreadItemViewButtons.swift */; };
		40ACEFCB2C223A0800797A0E /* FeedDetailsViewModel.swift in Sources */ = {isa = PBXBuildFile; fileRef = 40ACEFCA2C223A0800797A0E /* FeedDetailsViewModel.swift */; };
		40ACEFCD2C2262C000797A0E /* FeedReplyView.swift in Sources */ = {isa = PBXBuildFile; fileRef = 40ACEFCC2C2262C000797A0E /* FeedReplyView.swift */; };
		40ACEFCF2C22681900797A0E /* ReplyItemView.swift in Sources */ = {isa = PBXBuildFile; fileRef = 40ACEFCE2C22681900797A0E /* ReplyItemView.swift */; };
		40ACEFD22C230FDB00797A0E /* EmptyContentView.swift in Sources */ = {isa = PBXBuildFile; fileRef = 40ACEFD12C230FDB00797A0E /* EmptyContentView.swift */; };
		40ACEFD42C23220A00797A0E /* FollowService.swift in Sources */ = {isa = PBXBuildFile; fileRef = 40ACEFD32C23220A00797A0E /* FollowService.swift */; };
		40ACEFD62C23271300797A0E /* ActivityService.swift in Sources */ = {isa = PBXBuildFile; fileRef = 40ACEFD52C23271300797A0E /* ActivityService.swift */; };
		40ACEFDA2C236F0900797A0E /* UnfollowSheetView.swift in Sources */ = {isa = PBXBuildFile; fileRef = 40ACEFD92C236F0900797A0E /* UnfollowSheetView.swift */; };
		40ACEFDC2C2394A500797A0E /* ImagePicker.swift in Sources */ = {isa = PBXBuildFile; fileRef = 40ACEFDB2C2394A400797A0E /* ImagePicker.swift */; };
		40ACEFDE2C2394B900797A0E /* VideoPicker.swift in Sources */ = {isa = PBXBuildFile; fileRef = 40ACEFDD2C2394B800797A0E /* VideoPicker.swift */; };
		40ACEFE02C242F0A00797A0E /* AppState.swift in Sources */ = {isa = PBXBuildFile; fileRef = 40ACEFDF2C242F0A00797A0E /* AppState.swift */; };
		40ACEFE32C243C1C00797A0E /* ViewState.swift in Sources */ = {isa = PBXBuildFile; fileRef = 40ACEFE22C243C1C00797A0E /* ViewState.swift */; };
		40ACEFE62C24403400797A0E /* ActivityVIewModel.swift in Sources */ = {isa = PBXBuildFile; fileRef = 40ACEFE52C24403400797A0E /* ActivityVIewModel.swift */; };
/* End PBXBuildFile section */

/* Begin PBXFileReference section */
		4016E0302C093E3900AFA35D /* FormFieldViewModifier.swift */ = {isa = PBXFileReference; lastKnownFileType = sourcecode.swift; path = FormFieldViewModifier.swift; sourceTree = "<group>"; };
		4016E0332C094AAE00AFA35D /* ThreadsTabBarView.swift */ = {isa = PBXFileReference; lastKnownFileType = sourcecode.swift; path = ThreadsTabBarView.swift; sourceTree = "<group>"; };
		4016E03A2C0950CB00AFA35D /* ActivityView.swift */ = {isa = PBXFileReference; lastKnownFileType = sourcecode.swift; path = ActivityView.swift; sourceTree = "<group>"; };
		4016E03C2C0950F400AFA35D /* ExplorerView.swift */ = {isa = PBXFileReference; lastKnownFileType = sourcecode.swift; path = ExplorerView.swift; sourceTree = "<group>"; };
		4016E03E2C09511B00AFA35D /* FeedView.swift */ = {isa = PBXFileReference; lastKnownFileType = sourcecode.swift; path = FeedView.swift; sourceTree = "<group>"; };
		4016E0402C09513400AFA35D /* ProfileView.swift */ = {isa = PBXFileReference; lastKnownFileType = sourcecode.swift; path = ProfileView.swift; sourceTree = "<group>"; };
		4016E0422C09514900AFA35D /* FeedsCreationView.swift */ = {isa = PBXFileReference; lastKnownFileType = sourcecode.swift; path = FeedsCreationView.swift; sourceTree = "<group>"; };
		4016E0442C09538400AFA35D /* README.md */ = {isa = PBXFileReference; lastKnownFileType = net.daringfireball.markdown; path = README.md; sourceTree = "<group>"; };
		4016E04A2C095B6F00AFA35D /* ThreadItemView.swift */ = {isa = PBXFileReference; lastKnownFileType = sourcecode.swift; path = ThreadItemView.swift; sourceTree = "<group>"; };
		4016E04E2C09675700AFA35D /* ThreadsUserItemIView.swift */ = {isa = PBXFileReference; lastKnownFileType = sourcecode.swift; path = ThreadsUserItemIView.swift; sourceTree = "<group>"; };
		4016E0502C09679A00AFA35D /* ThreadsCircleImage.swift */ = {isa = PBXFileReference; lastKnownFileType = sourcecode.swift; path = ThreadsCircleImage.swift; sourceTree = "<group>"; };
		4016E0542C09DBE200AFA35D /* ProfileThreadsFilter.swift */ = {isa = PBXFileReference; lastKnownFileType = sourcecode.swift; path = ProfileThreadsFilter.swift; sourceTree = "<group>"; };
		4016E0562C09E25200AFA35D /* EditProfileView.swift */ = {isa = PBXFileReference; lastKnownFileType = sourcecode.swift; path = EditProfileView.swift; sourceTree = "<group>"; };
		405E75E02C0AA50600315324 /* GoogleService-Info.plist */ = {isa = PBXFileReference; fileEncoding = 4; lastKnownFileType = text.plist.xml; path = "GoogleService-Info.plist"; sourceTree = "<group>"; };
		4097840B2C092D520010F509 /* ThreadsClone.app */ = {isa = PBXFileReference; explicitFileType = wrapper.application; includeInIndex = 0; path = ThreadsClone.app; sourceTree = BUILT_PRODUCTS_DIR; };
		4097840E2C092D520010F509 /* ThreadsCloneApp.swift */ = {isa = PBXFileReference; lastKnownFileType = sourcecode.swift; path = ThreadsCloneApp.swift; sourceTree = "<group>"; };
		409784102C092D520010F509 /* ContentView.swift */ = {isa = PBXFileReference; lastKnownFileType = sourcecode.swift; path = ContentView.swift; sourceTree = "<group>"; };
		409784122C092D550010F509 /* Assets.xcassets */ = {isa = PBXFileReference; lastKnownFileType = folder.assetcatalog; path = Assets.xcassets; sourceTree = "<group>"; };
		409784152C092D550010F509 /* Preview Assets.xcassets */ = {isa = PBXFileReference; lastKnownFileType = folder.assetcatalog; path = "Preview Assets.xcassets"; sourceTree = "<group>"; };
		409784252C092DF00010F509 /* SignInView.swift */ = {isa = PBXFileReference; lastKnownFileType = sourcecode.swift; path = SignInView.swift; sourceTree = "<group>"; };
		409784272C092E080010F509 /* SignUpView.swift */ = {isa = PBXFileReference; lastKnownFileType = sourcecode.swift; path = SignUpView.swift; sourceTree = "<group>"; };
		409784292C092E2D0010F509 /* ForgotPasswordView.swift */ = {isa = PBXFileReference; lastKnownFileType = sourcecode.swift; path = ForgotPasswordView.swift; sourceTree = "<group>"; };
		4097842B2C092F040010F509 /* ThreadsFormFieldView.swift */ = {isa = PBXFileReference; lastKnownFileType = sourcecode.swift; path = ThreadsFormFieldView.swift; sourceTree = "<group>"; };
		4097842D2C092F250010F509 /* ThreadsTextBtnView.swift */ = {isa = PBXFileReference; lastKnownFileType = sourcecode.swift; path = ThreadsTextBtnView.swift; sourceTree = "<group>"; };
		4097842F2C093BA90010F509 /* ThreadsAppLogoView.swift */ = {isa = PBXFileReference; lastKnownFileType = sourcecode.swift; path = ThreadsAppLogoView.swift; sourceTree = "<group>"; };
		40ACEF6C2C1EEA0400797A0E /* SignUpViewModel.swift */ = {isa = PBXFileReference; lastKnownFileType = sourcecode.swift; path = SignUpViewModel.swift; sourceTree = "<group>"; };
		40ACEF6E2C1EEB7400797A0E /* AuthService.swift */ = {isa = PBXFileReference; lastKnownFileType = sourcecode.swift; path = AuthService.swift; sourceTree = "<group>"; };
		40ACEF722C1F038D00797A0E /* ContentViewModel.swift */ = {isa = PBXFileReference; lastKnownFileType = sourcecode.swift; path = ContentViewModel.swift; sourceTree = "<group>"; };
		40ACEF742C1F1BA600797A0E /* SignInViewModel.swift */ = {isa = PBXFileReference; lastKnownFileType = sourcecode.swift; path = SignInViewModel.swift; sourceTree = "<group>"; };
		40ACEF762C1F1DFE00797A0E /* ProfileSettingsView.swift */ = {isa = PBXFileReference; lastKnownFileType = sourcecode.swift; path = ProfileSettingsView.swift; sourceTree = "<group>"; };
		40ACEF7C2C1F4F4900797A0E /* SplashScreenView.swift */ = {isa = PBXFileReference; lastKnownFileType = sourcecode.swift; path = SplashScreenView.swift; sourceTree = "<group>"; };
		40ACEF7F2C1F8DD600797A0E /* User.swift */ = {isa = PBXFileReference; lastKnownFileType = sourcecode.swift; path = User.swift; sourceTree = "<group>"; };
		40ACEF832C1F93E000797A0E /* UserService.swift */ = {isa = PBXFileReference; lastKnownFileType = sourcecode.swift; path = UserService.swift; sourceTree = "<group>"; };
		40ACEF862C1F95C200797A0E /* CurrentUserProfileViewModel.swift */ = {isa = PBXFileReference; lastKnownFileType = sourcecode.swift; path = CurrentUserProfileViewModel.swift; sourceTree = "<group>"; };
		40ACEF892C1FBCBD00797A0E /* ExploreViewModel.swift */ = {isa = PBXFileReference; lastKnownFileType = sourcecode.swift; path = ExploreViewModel.swift; sourceTree = "<group>"; };
		40ACEF8B2C1FCA0F00797A0E /* PreviewProvider.swift */ = {isa = PBXFileReference; lastKnownFileType = sourcecode.swift; path = PreviewProvider.swift; sourceTree = "<group>"; };
		40ACEF8D2C201A5200797A0E /* CurrentUserProfile.swift */ = {isa = PBXFileReference; lastKnownFileType = sourcecode.swift; path = CurrentUserProfile.swift; sourceTree = "<group>"; };
		40ACEF902C201E8300797A0E /* ProfileHeaderView.swift */ = {isa = PBXFileReference; lastKnownFileType = sourcecode.swift; path = ProfileHeaderView.swift; sourceTree = "<group>"; };
		40ACEF922C20236C00797A0E /* UserContentListView.swift */ = {isa = PBXFileReference; lastKnownFileType = sourcecode.swift; path = UserContentListView.swift; sourceTree = "<group>"; };
		40ACEF942C20327C00797A0E /* EditProfileViewModel.swift */ = {isa = PBXFileReference; lastKnownFileType = sourcecode.swift; path = EditProfileViewModel.swift; sourceTree = "<group>"; };
		40ACEF962C20343500797A0E /* ImageUpload.swift */ = {isa = PBXFileReference; lastKnownFileType = sourcecode.swift; path = ImageUpload.swift; sourceTree = "<group>"; };
		40ACEF9D2C2058C300797A0E /* Thread.swift */ = {isa = PBXFileReference; lastKnownFileType = sourcecode.swift; path = Thread.swift; sourceTree = "<group>"; };
		40ACEFA02C2059B800797A0E /* FeedsCreationViewModel.swift */ = {isa = PBXFileReference; lastKnownFileType = sourcecode.swift; path = FeedsCreationViewModel.swift; sourceTree = "<group>"; };
		40ACEFA22C205A0400797A0E /* ThreadService.swift */ = {isa = PBXFileReference; lastKnownFileType = sourcecode.swift; path = ThreadService.swift; sourceTree = "<group>"; };
		40ACEFA52C20636800797A0E /* FeedViewModel.swift */ = {isa = PBXFileReference; lastKnownFileType = sourcecode.swift; path = FeedViewModel.swift; sourceTree = "<group>"; };
		40ACEFA72C209D9B00797A0E /* ProfileViewModel.swift */ = {isa = PBXFileReference; lastKnownFileType = sourcecode.swift; path = ProfileViewModel.swift; sourceTree = "<group>"; };
		40ACEFAB2C20A26B00797A0E /* UserContentViewModel.swift */ = {isa = PBXFileReference; lastKnownFileType = sourcecode.swift; path = UserContentViewModel.swift; sourceTree = "<group>"; };
		40ACEFAF2C20E4A900797A0E /* Like.swift */ = {isa = PBXFileReference; lastKnownFileType = sourcecode.swift; path = Like.swift; sourceTree = "<group>"; };
		40ACEFB12C20E4C700797A0E /* Repost.swift */ = {isa = PBXFileReference; lastKnownFileType = sourcecode.swift; path = Repost.swift; sourceTree = "<group>"; };
		40ACEFB32C20E4E200797A0E /* Reply.swift */ = {isa = PBXFileReference; lastKnownFileType = sourcecode.swift; path = Reply.swift; sourceTree = "<group>"; };
		40ACEFB52C2180BA00797A0E /* LikeService.swift */ = {isa = PBXFileReference; lastKnownFileType = sourcecode.swift; path = LikeService.swift; sourceTree = "<group>"; };
		40ACEFB72C2180E500797A0E /* RepostService.swift */ = {isa = PBXFileReference; lastKnownFileType = sourcecode.swift; path = RepostService.swift; sourceTree = "<group>"; };
		40ACEFB92C2180F500797A0E /* ReplyService.swift */ = {isa = PBXFileReference; lastKnownFileType = sourcecode.swift; path = ReplyService.swift; sourceTree = "<group>"; };
		40ACEFBB2C218ECB00797A0E /* Timestamp.swift */ = {isa = PBXFileReference; lastKnownFileType = sourcecode.swift; path = Timestamp.swift; sourceTree = "<group>"; };
		40ACEFBD2C21965700797A0E /* ThreadItemViewModel.swift */ = {isa = PBXFileReference; lastKnownFileType = sourcecode.swift; path = ThreadItemViewModel.swift; sourceTree = "<group>"; };
		40ACEFBF2C21AA3700797A0E /* Follow.swift */ = {isa = PBXFileReference; lastKnownFileType = sourcecode.swift; path = Follow.swift; sourceTree = "<group>"; };
		40ACEFC32C21AAFF00797A0E /* Activity.swift */ = {isa = PBXFileReference; lastKnownFileType = sourcecode.swift; path = Activity.swift; sourceTree = "<group>"; };
		40ACEFC62C21F49100797A0E /* FeedDetailsView.swift */ = {isa = PBXFileReference; lastKnownFileType = sourcecode.swift; path = FeedDetailsView.swift; sourceTree = "<group>"; };
		40ACEFC82C21FABB00797A0E /* ThreadItemViewButtons.swift */ = {isa = PBXFileReference; lastKnownFileType = sourcecode.swift; path = ThreadItemViewButtons.swift; sourceTree = "<group>"; };
		40ACEFCA2C223A0800797A0E /* FeedDetailsViewModel.swift */ = {isa = PBXFileReference; lastKnownFileType = sourcecode.swift; path = FeedDetailsViewModel.swift; sourceTree = "<group>"; };
		40ACEFCC2C2262C000797A0E /* FeedReplyView.swift */ = {isa = PBXFileReference; lastKnownFileType = sourcecode.swift; path = FeedReplyView.swift; sourceTree = "<group>"; };
		40ACEFCE2C22681900797A0E /* ReplyItemView.swift */ = {isa = PBXFileReference; lastKnownFileType = sourcecode.swift; path = ReplyItemView.swift; sourceTree = "<group>"; };
		40ACEFD12C230FDB00797A0E /* EmptyContentView.swift */ = {isa = PBXFileReference; lastKnownFileType = sourcecode.swift; path = EmptyContentView.swift; sourceTree = "<group>"; };
		40ACEFD32C23220A00797A0E /* FollowService.swift */ = {isa = PBXFileReference; lastKnownFileType = sourcecode.swift; path = FollowService.swift; sourceTree = "<group>"; };
		40ACEFD52C23271300797A0E /* ActivityService.swift */ = {isa = PBXFileReference; lastKnownFileType = sourcecode.swift; path = ActivityService.swift; sourceTree = "<group>"; };
		40ACEFD92C236F0900797A0E /* UnfollowSheetView.swift */ = {isa = PBXFileReference; lastKnownFileType = sourcecode.swift; path = UnfollowSheetView.swift; sourceTree = "<group>"; };
		40ACEFDB2C2394A400797A0E /* ImagePicker.swift */ = {isa = PBXFileReference; lastKnownFileType = sourcecode.swift; path = ImagePicker.swift; sourceTree = "<group>"; };
		40ACEFDD2C2394B800797A0E /* VideoPicker.swift */ = {isa = PBXFileReference; lastKnownFileType = sourcecode.swift; path = VideoPicker.swift; sourceTree = "<group>"; };
		40ACEFDF2C242F0A00797A0E /* AppState.swift */ = {isa = PBXFileReference; lastKnownFileType = sourcecode.swift; path = AppState.swift; sourceTree = "<group>"; };
		40ACEFE22C243C1C00797A0E /* ViewState.swift */ = {isa = PBXFileReference; lastKnownFileType = sourcecode.swift; path = ViewState.swift; sourceTree = "<group>"; };
		40ACEFE52C24403400797A0E /* ActivityVIewModel.swift */ = {isa = PBXFileReference; lastKnownFileType = sourcecode.swift; path = ActivityVIewModel.swift; sourceTree = "<group>"; };
/* End PBXFileReference section */

/* Begin PBXFrameworksBuildPhase section */
		409784082C092D520010F509 /* Frameworks */ = {
			isa = PBXFrameworksBuildPhase;
			buildActionMask = 2147483647;
			files = (
				40ACEF9C2C20557E00797A0E /* Kingfisher in Frameworks */,
				405E75E62C0AA7D000315324 /* FirebaseDatabaseSwift in Frameworks */,
				405E75E42C0AA7D000315324 /* FirebaseAuth in Frameworks */,
				405E75E82C0AA7D000315324 /* FirebaseFirestore in Frameworks */,
				40ACEF992C2034FE00797A0E /* FirebaseStorage in Frameworks */,
				40ACEF822C1F91BA00797A0E /* FirebaseFirestoreSwift in Frameworks */,
			);
			runOnlyForDeploymentPostprocessing = 0;
		};
/* End PBXFrameworksBuildPhase section */

/* Begin PBXGroup section */
		4016E02F2C093DF900AFA35D /* ViewModifier */ = {
			isa = PBXGroup;
			children = (
				4016E0302C093E3900AFA35D /* FormFieldViewModifier.swift */,
			);
			path = ViewModifier;
			sourceTree = "<group>";
		};
		4016E0322C094A5100AFA35D /* TabBar */ = {
			isa = PBXGroup;
			children = (
				4016E0332C094AAE00AFA35D /* ThreadsTabBarView.swift */,
			);
			path = TabBar;
			sourceTree = "<group>";
		};
		4016E0352C094FCB00AFA35D /* Explorer */ = {
			isa = PBXGroup;
			children = (
				4016E0462C095A2400AFA35D /* View */,
				40ACEF882C1FBC8B00797A0E /* ViewModel */,
			);
			path = Explorer;
			sourceTree = "<group>";
		};
		4016E0362C094FE500AFA35D /* Feed */ = {
			isa = PBXGroup;
			children = (
				40ACEFD02C22823600797A0E /* Components */,
				4016E0472C095A2A00AFA35D /* View */,
				40ACEFA42C20635100797A0E /* ViewModel */,
			);
			path = Feed;
			sourceTree = "<group>";
		};
		4016E0372C09503000AFA35D /* Profile */ = {
			isa = PBXGroup;
			children = (
				40ACEF8F2C201E5D00797A0E /* Components */,
				4016E0482C095A3000AFA35D /* View */,
				40ACEF852C1F95AE00797A0E /* ViewModel */,
				4016E0522C09DBA300AFA35D /* Model */,
			);
			path = Profile;
			sourceTree = "<group>";
		};
		4016E0382C09507500AFA35D /* FeedsCreation */ = {
			isa = PBXGroup;
			children = (
				4016E0492C095A4400AFA35D /* View */,
				40ACEF9F2C20599000797A0E /* ViewModel */,
			);
			path = FeedsCreation;
			sourceTree = "<group>";
		};
		4016E0392C0950A600AFA35D /* Activity */ = {
			isa = PBXGroup;
			children = (
				4016E0452C095A1D00AFA35D /* View */,
				40ACEFE42C24401100797A0E /* ViewModel */,
			);
			path = Activity;
			sourceTree = "<group>";
		};
		4016E0452C095A1D00AFA35D /* View */ = {
			isa = PBXGroup;
			children = (
				4016E03A2C0950CB00AFA35D /* ActivityView.swift */,
			);
			path = View;
			sourceTree = "<group>";
		};
		4016E0462C095A2400AFA35D /* View */ = {
			isa = PBXGroup;
			children = (
				4016E03C2C0950F400AFA35D /* ExplorerView.swift */,
			);
			path = View;
			sourceTree = "<group>";
		};
		4016E0472C095A2A00AFA35D /* View */ = {
			isa = PBXGroup;
			children = (
				4016E03E2C09511B00AFA35D /* FeedView.swift */,
				40ACEFC62C21F49100797A0E /* FeedDetailsView.swift */,
				40ACEFCC2C2262C000797A0E /* FeedReplyView.swift */,
			);
			path = View;
			sourceTree = "<group>";
		};
		4016E0482C095A3000AFA35D /* View */ = {
			isa = PBXGroup;
			children = (
				4016E0402C09513400AFA35D /* ProfileView.swift */,
				4016E0562C09E25200AFA35D /* EditProfileView.swift */,
				40ACEF8D2C201A5200797A0E /* CurrentUserProfile.swift */,
			);
			path = View;
			sourceTree = "<group>";
		};
		4016E0492C095A4400AFA35D /* View */ = {
			isa = PBXGroup;
			children = (
				4016E0422C09514900AFA35D /* FeedsCreationView.swift */,
			);
			path = View;
			sourceTree = "<group>";
		};
		4016E0522C09DBA300AFA35D /* Model */ = {
			isa = PBXGroup;
			children = (
				4016E0542C09DBE200AFA35D /* ProfileThreadsFilter.swift */,
			);
			path = Model;
			sourceTree = "<group>";
		};
		409784022C092D520010F509 = {
			isa = PBXGroup;
			children = (
				4016E0442C09538400AFA35D /* README.md */,
				4097841C2C092D6A0010F509 /* Docs */,
				4097840D2C092D520010F509 /* ThreadsClone */,
				4097840C2C092D520010F509 /* Products */,
			);
			sourceTree = "<group>";
		};
		4097840C2C092D520010F509 /* Products */ = {
			isa = PBXGroup;
			children = (
				4097840B2C092D520010F509 /* ThreadsClone.app */,
			);
			name = Products;
			sourceTree = "<group>";
		};
		4097840D2C092D520010F509 /* ThreadsClone */ = {
			isa = PBXGroup;
			children = (
				4097841D2C092D740010F509 /* App */,
				4097841E2C092D7C0010F509 /* Core */,
				4097841F2C092D830010F509 /* Services */,
				409784202C092D8A0010F509 /* Utils */,
				409784212C092D920010F509 /* Extensions */,
				40ACEF7E2C1F8DBF00797A0E /* Models */,
				40ACEFE12C243BF300797A0E /* enums */,
				409784122C092D550010F509 /* Assets.xcassets */,
				409784142C092D550010F509 /* Preview Content */,
			);
			path = ThreadsClone;
			sourceTree = "<group>";
		};
		409784142C092D550010F509 /* Preview Content */ = {
			isa = PBXGroup;
			children = (
				409784152C092D550010F509 /* Preview Assets.xcassets */,
			);
			path = "Preview Content";
			sourceTree = "<group>";
		};
		4097841C2C092D6A0010F509 /* Docs */ = {
			isa = PBXGroup;
			children = (
			);
			path = Docs;
			sourceTree = "<group>";
		};
		4097841D2C092D740010F509 /* App */ = {
			isa = PBXGroup;
			children = (
				4097840E2C092D520010F509 /* ThreadsCloneApp.swift */,
				40ACEFDF2C242F0A00797A0E /* AppState.swift */,
			);
			path = App;
			sourceTree = "<group>";
		};
		4097841E2C092D7C0010F509 /* Core */ = {
			isa = PBXGroup;
			children = (
				409784242C092DD10010F509 /* Components */,
				409784222C092DBD0010F509 /* Auth */,
				4016E0392C0950A600AFA35D /* Activity */,
				4016E0352C094FCB00AFA35D /* Explorer */,
				4016E0362C094FE500AFA35D /* Feed */,
				4016E0372C09503000AFA35D /* Profile */,
				40ACEF782C1F1E5700797A0E /* Settings */,
				4016E0382C09507500AFA35D /* FeedsCreation */,
				4016E0322C094A5100AFA35D /* TabBar */,
				409784232C092DC70010F509 /* Root */,
			);
			path = Core;
			sourceTree = "<group>";
		};
		4097841F2C092D830010F509 /* Services */ = {
			isa = PBXGroup;
			children = (
				40ACEF962C20343500797A0E /* ImageUpload.swift */,
				40ACEF832C1F93E000797A0E /* UserService.swift */,
				40ACEFA22C205A0400797A0E /* ThreadService.swift */,
				40ACEFB52C2180BA00797A0E /* LikeService.swift */,
				40ACEFB72C2180E500797A0E /* RepostService.swift */,
				40ACEFB92C2180F500797A0E /* ReplyService.swift */,
				40ACEFD32C23220A00797A0E /* FollowService.swift */,
				40ACEFD52C23271300797A0E /* ActivityService.swift */,
			);
			path = Services;
			sourceTree = "<group>";
		};
		409784202C092D8A0010F509 /* Utils */ = {
			isa = PBXGroup;
			children = (
				405E75E02C0AA50600315324 /* GoogleService-Info.plist */,
				4016E02F2C093DF900AFA35D /* ViewModifier */,
				40ACEFDB2C2394A400797A0E /* ImagePicker.swift */,
				40ACEFDD2C2394B800797A0E /* VideoPicker.swift */,
			);
			path = Utils;
			sourceTree = "<group>";
		};
		409784212C092D920010F509 /* Extensions */ = {
			isa = PBXGroup;
			children = (
				40ACEF8B2C1FCA0F00797A0E /* PreviewProvider.swift */,
				40ACEFBB2C218ECB00797A0E /* Timestamp.swift */,
			);
			path = Extensions;
			sourceTree = "<group>";
		};
		409784222C092DBD0010F509 /* Auth */ = {
			isa = PBXGroup;
			children = (
				40ACEF6B2C1EE9AB00797A0E /* ViewModel */,
				40ACEF6A2C1EE99F00797A0E /* Views */,
				40ACEF692C1EE97F00797A0E /* Service */,
			);
			path = Auth;
			sourceTree = "<group>";
		};
		409784232C092DC70010F509 /* Root */ = {
			isa = PBXGroup;
			children = (
				40ACEF712C1F037100797A0E /* ViewModel */,
				40ACEF702C1F035C00797A0E /* View */,
			);
			path = Root;
			sourceTree = "<group>";
		};
		409784242C092DD10010F509 /* Components */ = {
			isa = PBXGroup;
			children = (
				40ACEFA92C20A24100797A0E /* View */,
				40ACEFAA2C20A24E00797A0E /* ViewModel */,
			);
			path = Components;
			sourceTree = "<group>";
		};
		40ACEF692C1EE97F00797A0E /* Service */ = {
			isa = PBXGroup;
			children = (
				40ACEF6E2C1EEB7400797A0E /* AuthService.swift */,
			);
			path = Service;
			sourceTree = "<group>";
		};
		40ACEF6A2C1EE99F00797A0E /* Views */ = {
			isa = PBXGroup;
			children = (
				409784252C092DF00010F509 /* SignInView.swift */,
				409784272C092E080010F509 /* SignUpView.swift */,
				409784292C092E2D0010F509 /* ForgotPasswordView.swift */,
			);
			path = Views;
			sourceTree = "<group>";
		};
		40ACEF6B2C1EE9AB00797A0E /* ViewModel */ = {
			isa = PBXGroup;
			children = (
				40ACEF6C2C1EEA0400797A0E /* SignUpViewModel.swift */,
				40ACEF742C1F1BA600797A0E /* SignInViewModel.swift */,
			);
			path = ViewModel;
			sourceTree = "<group>";
		};
		40ACEF702C1F035C00797A0E /* View */ = {
			isa = PBXGroup;
			children = (
				409784102C092D520010F509 /* ContentView.swift */,
				40ACEF7C2C1F4F4900797A0E /* SplashScreenView.swift */,
			);
			path = View;
			sourceTree = "<group>";
		};
		40ACEF712C1F037100797A0E /* ViewModel */ = {
			isa = PBXGroup;
			children = (
				40ACEF722C1F038D00797A0E /* ContentViewModel.swift */,
			);
			path = ViewModel;
			sourceTree = "<group>";
		};
		40ACEF782C1F1E5700797A0E /* Settings */ = {
			isa = PBXGroup;
			children = (
				40ACEF792C1F1E6F00797A0E /* View */,
				40ACEF7A2C1F1E7600797A0E /* ViewModel */,
				40ACEF7B2C1F1E7D00797A0E /* Service */,
			);
			path = Settings;
			sourceTree = "<group>";
		};
		40ACEF792C1F1E6F00797A0E /* View */ = {
			isa = PBXGroup;
			children = (
				40ACEF762C1F1DFE00797A0E /* ProfileSettingsView.swift */,
			);
			path = View;
			sourceTree = "<group>";
		};
		40ACEF7A2C1F1E7600797A0E /* ViewModel */ = {
			isa = PBXGroup;
			children = (
			);
			path = ViewModel;
			sourceTree = "<group>";
		};
		40ACEF7B2C1F1E7D00797A0E /* Service */ = {
			isa = PBXGroup;
			children = (
			);
			path = Service;
			sourceTree = "<group>";
		};
		40ACEF7E2C1F8DBF00797A0E /* Models */ = {
			isa = PBXGroup;
			children = (
				40ACEF7F2C1F8DD600797A0E /* User.swift */,
				40ACEF9D2C2058C300797A0E /* Thread.swift */,
				40ACEFAF2C20E4A900797A0E /* Like.swift */,
				40ACEFB12C20E4C700797A0E /* Repost.swift */,
				40ACEFB32C20E4E200797A0E /* Reply.swift */,
				40ACEFBF2C21AA3700797A0E /* Follow.swift */,
				40ACEFC32C21AAFF00797A0E /* Activity.swift */,
			);
			path = Models;
			sourceTree = "<group>";
		};
		40ACEF852C1F95AE00797A0E /* ViewModel */ = {
			isa = PBXGroup;
			children = (
				40ACEF862C1F95C200797A0E /* CurrentUserProfileViewModel.swift */,
				40ACEF942C20327C00797A0E /* EditProfileViewModel.swift */,
				40ACEFA72C209D9B00797A0E /* ProfileViewModel.swift */,
			);
			path = ViewModel;
			sourceTree = "<group>";
		};
		40ACEF882C1FBC8B00797A0E /* ViewModel */ = {
			isa = PBXGroup;
			children = (
				40ACEF892C1FBCBD00797A0E /* ExploreViewModel.swift */,
			);
			path = ViewModel;
			sourceTree = "<group>";
		};
		40ACEF8F2C201E5D00797A0E /* Components */ = {
			isa = PBXGroup;
			children = (
				40ACEFAD2C20A27C00797A0E /* View */,
				40ACEFAE2C20A28400797A0E /* ViewModel */,
			);
			path = Components;
			sourceTree = "<group>";
		};
		40ACEF9F2C20599000797A0E /* ViewModel */ = {
			isa = PBXGroup;
			children = (
				40ACEFA02C2059B800797A0E /* FeedsCreationViewModel.swift */,
			);
			path = ViewModel;
			sourceTree = "<group>";
		};
		40ACEFA42C20635100797A0E /* ViewModel */ = {
			isa = PBXGroup;
			children = (
				40ACEFA52C20636800797A0E /* FeedViewModel.swift */,
				40ACEFCA2C223A0800797A0E /* FeedDetailsViewModel.swift */,
			);
			path = ViewModel;
			sourceTree = "<group>";
		};
		40ACEFA92C20A24100797A0E /* View */ = {
			isa = PBXGroup;
			children = (
				4097842B2C092F040010F509 /* ThreadsFormFieldView.swift */,
				4097842D2C092F250010F509 /* ThreadsTextBtnView.swift */,
				4097842F2C093BA90010F509 /* ThreadsAppLogoView.swift */,
				4016E04A2C095B6F00AFA35D /* ThreadItemView.swift */,
				40ACEFC82C21FABB00797A0E /* ThreadItemViewButtons.swift */,
				4016E04E2C09675700AFA35D /* ThreadsUserItemIView.swift */,
				4016E0502C09679A00AFA35D /* ThreadsCircleImage.swift */,
				40ACEFCE2C22681900797A0E /* ReplyItemView.swift */,
				40ACEFD12C230FDB00797A0E /* EmptyContentView.swift */,
				40ACEFD92C236F0900797A0E /* UnfollowSheetView.swift */,
			);
			path = View;
			sourceTree = "<group>";
		};
		40ACEFAA2C20A24E00797A0E /* ViewModel */ = {
			isa = PBXGroup;
			children = (
				40ACEFBD2C21965700797A0E /* ThreadItemViewModel.swift */,
			);
			path = ViewModel;
			sourceTree = "<group>";
		};
		40ACEFAD2C20A27C00797A0E /* View */ = {
			isa = PBXGroup;
			children = (
				40ACEF902C201E8300797A0E /* ProfileHeaderView.swift */,
				40ACEF922C20236C00797A0E /* UserContentListView.swift */,
			);
			path = View;
			sourceTree = "<group>";
		};
		40ACEFAE2C20A28400797A0E /* ViewModel */ = {
			isa = PBXGroup;
			children = (
				40ACEFAB2C20A26B00797A0E /* UserContentViewModel.swift */,
			);
			path = ViewModel;
			sourceTree = "<group>";
		};
		40ACEFD02C22823600797A0E /* Components */ = {
			isa = PBXGroup;
			children = (
			);
			path = Components;
			sourceTree = "<group>";
		};
		40ACEFE12C243BF300797A0E /* enums */ = {
			isa = PBXGroup;
			children = (
				40ACEFE22C243C1C00797A0E /* ViewState.swift */,
			);
			path = enums;
			sourceTree = "<group>";
		};
		40ACEFE42C24401100797A0E /* ViewModel */ = {
			isa = PBXGroup;
			children = (
				40ACEFE52C24403400797A0E /* ActivityVIewModel.swift */,
			);
			path = ViewModel;
			sourceTree = "<group>";
		};
/* End PBXGroup section */

/* Begin PBXNativeTarget section */
		4097840A2C092D520010F509 /* ThreadsClone */ = {
			isa = PBXNativeTarget;
			buildConfigurationList = 409784192C092D550010F509 /* Build configuration list for PBXNativeTarget "ThreadsClone" */;
			buildPhases = (
				409784072C092D520010F509 /* Sources */,
				409784082C092D520010F509 /* Frameworks */,
				409784092C092D520010F509 /* Resources */,
			);
			buildRules = (
			);
			dependencies = (
			);
			name = ThreadsClone;
			packageProductDependencies = (
				405E75E32C0AA7D000315324 /* FirebaseAuth */,
				405E75E52C0AA7D000315324 /* FirebaseDatabaseSwift */,
				405E75E72C0AA7D000315324 /* FirebaseFirestore */,
				40ACEF812C1F91BA00797A0E /* FirebaseFirestoreSwift */,
				40ACEF982C2034FE00797A0E /* FirebaseStorage */,
				40ACEF9B2C20557E00797A0E /* Kingfisher */,
			);
			productName = ThreadsClone;
			productReference = 4097840B2C092D520010F509 /* ThreadsClone.app */;
			productType = "com.apple.product-type.application";
		};
/* End PBXNativeTarget section */

/* Begin PBXProject section */
		409784032C092D520010F509 /* Project object */ = {
			isa = PBXProject;
			attributes = {
				BuildIndependentTargetsInParallel = 1;
				LastSwiftUpdateCheck = 1540;
				LastUpgradeCheck = 1540;
				TargetAttributes = {
					4097840A2C092D520010F509 = {
						CreatedOnToolsVersion = 15.4;
					};
				};
			};
			buildConfigurationList = 409784062C092D520010F509 /* Build configuration list for PBXProject "ThreadsClone" */;
			compatibilityVersion = "Xcode 14.0";
			developmentRegion = en;
			hasScannedForEncodings = 0;
			knownRegions = (
				en,
				Base,
			);
			mainGroup = 409784022C092D520010F509;
			packageReferences = (
				405E75E22C0AA7D000315324 /* XCRemoteSwiftPackageReference "firebase-ios-sdk" */,
				40ACEF9A2C20557E00797A0E /* XCRemoteSwiftPackageReference "Kingfisher" */,
			);
			productRefGroup = 4097840C2C092D520010F509 /* Products */;
			projectDirPath = "";
			projectRoot = "";
			targets = (
				4097840A2C092D520010F509 /* ThreadsClone */,
			);
		};
/* End PBXProject section */

/* Begin PBXResourcesBuildPhase section */
		409784092C092D520010F509 /* Resources */ = {
			isa = PBXResourcesBuildPhase;
			buildActionMask = 2147483647;
			files = (
				409784162C092D550010F509 /* Preview Assets.xcassets in Resources */,
				409784132C092D550010F509 /* Assets.xcassets in Resources */,
				405E75E12C0AA50600315324 /* GoogleService-Info.plist in Resources */,
			);
			runOnlyForDeploymentPostprocessing = 0;
		};
/* End PBXResourcesBuildPhase section */

/* Begin PBXSourcesBuildPhase section */
		409784072C092D520010F509 /* Sources */ = {
			isa = PBXSourcesBuildPhase;
			buildActionMask = 2147483647;
			files = (
				40ACEF842C1F93E000797A0E /* UserService.swift in Sources */,
				40ACEFE62C24403400797A0E /* ActivityVIewModel.swift in Sources */,
				4016E03B2C0950CB00AFA35D /* ActivityView.swift in Sources */,
				40ACEF872C1F95C200797A0E /* CurrentUserProfileViewModel.swift in Sources */,
				40ACEF7D2C1F4F4900797A0E /* SplashScreenView.swift in Sources */,
				40ACEF972C20343500797A0E /* ImageUpload.swift in Sources */,
				40ACEFA32C205A0400797A0E /* ThreadService.swift in Sources */,
				4016E04F2C09675700AFA35D /* ThreadsUserItemIView.swift in Sources */,
				4016E04B2C095B6F00AFA35D /* ThreadItemView.swift in Sources */,
				40ACEFD22C230FDB00797A0E /* EmptyContentView.swift in Sources */,
				40ACEFB02C20E4A900797A0E /* Like.swift in Sources */,
				40ACEFDA2C236F0900797A0E /* UnfollowSheetView.swift in Sources */,
				40ACEFE02C242F0A00797A0E /* AppState.swift in Sources */,
				40ACEFD62C23271300797A0E /* ActivityService.swift in Sources */,
				40ACEF8E2C201A5200797A0E /* CurrentUserProfile.swift in Sources */,
				40ACEF8A2C1FBCBD00797A0E /* ExploreViewModel.swift in Sources */,
				40ACEFCF2C22681900797A0E /* ReplyItemView.swift in Sources */,
				4016E0552C09DBE200AFA35D /* ProfileThreadsFilter.swift in Sources */,
				40ACEF802C1F8DD600797A0E /* User.swift in Sources */,
				409784282C092E080010F509 /* SignUpView.swift in Sources */,
				40ACEF6F2C1EEB7400797A0E /* AuthService.swift in Sources */,
				409784302C093BA90010F509 /* ThreadsAppLogoView.swift in Sources */,
				40ACEFC42C21AB0000797A0E /* Activity.swift in Sources */,
				40ACEFB22C20E4C700797A0E /* Repost.swift in Sources */,
				40ACEFC92C21FABB00797A0E /* ThreadItemViewButtons.swift in Sources */,
				40ACEFDC2C2394A500797A0E /* ImagePicker.swift in Sources */,
				40ACEF912C201E8300797A0E /* ProfileHeaderView.swift in Sources */,
				4097842E2C092F250010F509 /* ThreadsTextBtnView.swift in Sources */,
				409784262C092DF00010F509 /* SignInView.swift in Sources */,
				40ACEF9E2C2058C300797A0E /* Thread.swift in Sources */,
				4016E0512C09679A00AFA35D /* ThreadsCircleImage.swift in Sources */,
				4016E03D2C0950F400AFA35D /* ExplorerView.swift in Sources */,
				40ACEF6D2C1EEA0400797A0E /* SignUpViewModel.swift in Sources */,
				40ACEFCD2C2262C000797A0E /* FeedReplyView.swift in Sources */,
				40ACEFC02C21AA3700797A0E /* Follow.swift in Sources */,
				40ACEFCB2C223A0800797A0E /* FeedDetailsViewModel.swift in Sources */,
				40ACEFBC2C218ECB00797A0E /* Timestamp.swift in Sources */,
				40ACEF8C2C1FCA0F00797A0E /* PreviewProvider.swift in Sources */,
				40ACEFC72C21F49200797A0E /* FeedDetailsView.swift in Sources */,
				40ACEFD42C23220A00797A0E /* FollowService.swift in Sources */,
				40ACEFAC2C20A26B00797A0E /* UserContentViewModel.swift in Sources */,
				40ACEFDE2C2394B900797A0E /* VideoPicker.swift in Sources */,
				40ACEFA82C209D9B00797A0E /* ProfileViewModel.swift in Sources */,
				40ACEF732C1F038D00797A0E /* ContentViewModel.swift in Sources */,
				40ACEFA12C2059B800797A0E /* FeedsCreationViewModel.swift in Sources */,
				40ACEF772C1F1DFE00797A0E /* ProfileSettingsView.swift in Sources */,
				4016E0312C093E3900AFA35D /* FormFieldViewModifier.swift in Sources */,
				409784112C092D520010F509 /* ContentView.swift in Sources */,
				40ACEFB82C2180E500797A0E /* RepostService.swift in Sources */,
				4097842A2C092E2D0010F509 /* ForgotPasswordView.swift in Sources */,
				4097840F2C092D520010F509 /* ThreadsCloneApp.swift in Sources */,
				40ACEFA62C20636800797A0E /* FeedViewModel.swift in Sources */,
				4016E0572C09E25200AFA35D /* EditProfileView.swift in Sources */,
				40ACEFB42C20E4E200797A0E /* Reply.swift in Sources */,
				40ACEF932C20236C00797A0E /* UserContentListView.swift in Sources */,
				4016E03F2C09511B00AFA35D /* FeedView.swift in Sources */,
				4016E0342C094AAE00AFA35D /* ThreadsTabBarView.swift in Sources */,
				40ACEF752C1F1BA600797A0E /* SignInViewModel.swift in Sources */,
				40ACEFBA2C2180F500797A0E /* ReplyService.swift in Sources */,
				4016E0412C09513400AFA35D /* ProfileView.swift in Sources */,
				40ACEF952C20327C00797A0E /* EditProfileViewModel.swift in Sources */,
				4016E0432C09514900AFA35D /* FeedsCreationView.swift in Sources */,
				40ACEFBE2C21965700797A0E /* ThreadItemViewModel.swift in Sources */,
				40ACEFE32C243C1C00797A0E /* ViewState.swift in Sources */,
				40ACEFB62C2180BA00797A0E /* LikeService.swift in Sources */,
				4097842C2C092F040010F509 /* ThreadsFormFieldView.swift in Sources */,
			);
			runOnlyForDeploymentPostprocessing = 0;
		};
/* End PBXSourcesBuildPhase section */

/* Begin XCBuildConfiguration section */
		409784172C092D550010F509 /* Debug */ = {
			isa = XCBuildConfiguration;
			buildSettings = {
				ALWAYS_SEARCH_USER_PATHS = NO;
				ASSETCATALOG_COMPILER_GENERATE_SWIFT_ASSET_SYMBOL_EXTENSIONS = YES;
				CLANG_ANALYZER_NONNULL = YES;
				CLANG_ANALYZER_NUMBER_OBJECT_CONVERSION = YES_AGGRESSIVE;
				CLANG_CXX_LANGUAGE_STANDARD = "gnu++20";
				CLANG_ENABLE_MODULES = YES;
				CLANG_ENABLE_OBJC_ARC = YES;
				CLANG_ENABLE_OBJC_WEAK = YES;
				CLANG_WARN_BLOCK_CAPTURE_AUTORELEASING = YES;
				CLANG_WARN_BOOL_CONVERSION = YES;
				CLANG_WARN_COMMA = YES;
				CLANG_WARN_CONSTANT_CONVERSION = YES;
				CLANG_WARN_DEPRECATED_OBJC_IMPLEMENTATIONS = YES;
				CLANG_WARN_DIRECT_OBJC_ISA_USAGE = YES_ERROR;
				CLANG_WARN_DOCUMENTATION_COMMENTS = YES;
				CLANG_WARN_EMPTY_BODY = YES;
				CLANG_WARN_ENUM_CONVERSION = YES;
				CLANG_WARN_INFINITE_RECURSION = YES;
				CLANG_WARN_INT_CONVERSION = YES;
				CLANG_WARN_NON_LITERAL_NULL_CONVERSION = YES;
				CLANG_WARN_OBJC_IMPLICIT_RETAIN_SELF = YES;
				CLANG_WARN_OBJC_LITERAL_CONVERSION = YES;
				CLANG_WARN_OBJC_ROOT_CLASS = YES_ERROR;
				CLANG_WARN_QUOTED_INCLUDE_IN_FRAMEWORK_HEADER = YES;
				CLANG_WARN_RANGE_LOOP_ANALYSIS = YES;
				CLANG_WARN_STRICT_PROTOTYPES = YES;
				CLANG_WARN_SUSPICIOUS_MOVE = YES;
				CLANG_WARN_UNGUARDED_AVAILABILITY = YES_AGGRESSIVE;
				CLANG_WARN_UNREACHABLE_CODE = YES;
				CLANG_WARN__DUPLICATE_METHOD_MATCH = YES;
				COPY_PHASE_STRIP = NO;
				DEBUG_INFORMATION_FORMAT = dwarf;
				ENABLE_STRICT_OBJC_MSGSEND = YES;
				ENABLE_TESTABILITY = YES;
				ENABLE_USER_SCRIPT_SANDBOXING = YES;
				GCC_C_LANGUAGE_STANDARD = gnu17;
				GCC_DYNAMIC_NO_PIC = NO;
				GCC_NO_COMMON_BLOCKS = YES;
				GCC_OPTIMIZATION_LEVEL = 0;
				GCC_PREPROCESSOR_DEFINITIONS = (
					"DEBUG=1",
					"$(inherited)",
				);
				GCC_WARN_64_TO_32_BIT_CONVERSION = YES;
				GCC_WARN_ABOUT_RETURN_TYPE = YES_ERROR;
				GCC_WARN_UNDECLARED_SELECTOR = YES;
				GCC_WARN_UNINITIALIZED_AUTOS = YES_AGGRESSIVE;
				GCC_WARN_UNUSED_FUNCTION = YES;
				GCC_WARN_UNUSED_VARIABLE = YES;
				IPHONEOS_DEPLOYMENT_TARGET = 17.5;
				LOCALIZATION_PREFERS_STRING_CATALOGS = YES;
				MTL_ENABLE_DEBUG_INFO = INCLUDE_SOURCE;
				MTL_FAST_MATH = YES;
				ONLY_ACTIVE_ARCH = YES;
				SDKROOT = iphoneos;
				SWIFT_ACTIVE_COMPILATION_CONDITIONS = "DEBUG $(inherited)";
				SWIFT_OPTIMIZATION_LEVEL = "-Onone";
			};
			name = Debug;
		};
		409784182C092D550010F509 /* Release */ = {
			isa = XCBuildConfiguration;
			buildSettings = {
				ALWAYS_SEARCH_USER_PATHS = NO;
				ASSETCATALOG_COMPILER_GENERATE_SWIFT_ASSET_SYMBOL_EXTENSIONS = YES;
				CLANG_ANALYZER_NONNULL = YES;
				CLANG_ANALYZER_NUMBER_OBJECT_CONVERSION = YES_AGGRESSIVE;
				CLANG_CXX_LANGUAGE_STANDARD = "gnu++20";
				CLANG_ENABLE_MODULES = YES;
				CLANG_ENABLE_OBJC_ARC = YES;
				CLANG_ENABLE_OBJC_WEAK = YES;
				CLANG_WARN_BLOCK_CAPTURE_AUTORELEASING = YES;
				CLANG_WARN_BOOL_CONVERSION = YES;
				CLANG_WARN_COMMA = YES;
				CLANG_WARN_CONSTANT_CONVERSION = YES;
				CLANG_WARN_DEPRECATED_OBJC_IMPLEMENTATIONS = YES;
				CLANG_WARN_DIRECT_OBJC_ISA_USAGE = YES_ERROR;
				CLANG_WARN_DOCUMENTATION_COMMENTS = YES;
				CLANG_WARN_EMPTY_BODY = YES;
				CLANG_WARN_ENUM_CONVERSION = YES;
				CLANG_WARN_INFINITE_RECURSION = YES;
				CLANG_WARN_INT_CONVERSION = YES;
				CLANG_WARN_NON_LITERAL_NULL_CONVERSION = YES;
				CLANG_WARN_OBJC_IMPLICIT_RETAIN_SELF = YES;
				CLANG_WARN_OBJC_LITERAL_CONVERSION = YES;
				CLANG_WARN_OBJC_ROOT_CLASS = YES_ERROR;
				CLANG_WARN_QUOTED_INCLUDE_IN_FRAMEWORK_HEADER = YES;
				CLANG_WARN_RANGE_LOOP_ANALYSIS = YES;
				CLANG_WARN_STRICT_PROTOTYPES = YES;
				CLANG_WARN_SUSPICIOUS_MOVE = YES;
				CLANG_WARN_UNGUARDED_AVAILABILITY = YES_AGGRESSIVE;
				CLANG_WARN_UNREACHABLE_CODE = YES;
				CLANG_WARN__DUPLICATE_METHOD_MATCH = YES;
				COPY_PHASE_STRIP = NO;
				DEBUG_INFORMATION_FORMAT = "dwarf-with-dsym";
				ENABLE_NS_ASSERTIONS = NO;
				ENABLE_STRICT_OBJC_MSGSEND = YES;
				ENABLE_USER_SCRIPT_SANDBOXING = YES;
				GCC_C_LANGUAGE_STANDARD = gnu17;
				GCC_NO_COMMON_BLOCKS = YES;
				GCC_WARN_64_TO_32_BIT_CONVERSION = YES;
				GCC_WARN_ABOUT_RETURN_TYPE = YES_ERROR;
				GCC_WARN_UNDECLARED_SELECTOR = YES;
				GCC_WARN_UNINITIALIZED_AUTOS = YES_AGGRESSIVE;
				GCC_WARN_UNUSED_FUNCTION = YES;
				GCC_WARN_UNUSED_VARIABLE = YES;
				IPHONEOS_DEPLOYMENT_TARGET = 17.5;
				LOCALIZATION_PREFERS_STRING_CATALOGS = YES;
				MTL_ENABLE_DEBUG_INFO = NO;
				MTL_FAST_MATH = YES;
				SDKROOT = iphoneos;
				SWIFT_COMPILATION_MODE = wholemodule;
				VALIDATE_PRODUCT = YES;
			};
			name = Release;
		};
		4097841A2C092D550010F509 /* Debug */ = {
			isa = XCBuildConfiguration;
			buildSettings = {
				ASSETCATALOG_COMPILER_APPICON_NAME = AppIcon;
				ASSETCATALOG_COMPILER_GLOBAL_ACCENT_COLOR_NAME = AccentColor;
				CODE_SIGN_STYLE = Automatic;
				CURRENT_PROJECT_VERSION = 1;
				DEVELOPMENT_ASSET_PATHS = "\"ThreadsClone/Preview Content\"";
				DEVELOPMENT_TEAM = 3D9D57539G;
				ENABLE_PREVIEWS = YES;
				GENERATE_INFOPLIST_FILE = YES;
				INFOPLIST_KEY_LSApplicationCategoryType = "public.app-category.lifestyle";
				INFOPLIST_KEY_UIApplicationSceneManifest_Generation = YES;
				INFOPLIST_KEY_UIApplicationSupportsIndirectInputEvents = YES;
				INFOPLIST_KEY_UILaunchScreen_Generation = YES;
				INFOPLIST_KEY_UISupportedInterfaceOrientations_iPad = "UIInterfaceOrientationPortrait UIInterfaceOrientationPortraitUpsideDown UIInterfaceOrientationLandscapeLeft UIInterfaceOrientationLandscapeRight";
				INFOPLIST_KEY_UISupportedInterfaceOrientations_iPhone = "UIInterfaceOrientationPortrait UIInterfaceOrientationLandscapeLeft UIInterfaceOrientationLandscapeRight";
				LD_RUNPATH_SEARCH_PATHS = (
					"$(inherited)",
					"@executable_path/Frameworks",
				);
				MARKETING_VERSION = 1.0;
				PRODUCT_BUNDLE_IDENTIFIER = co.essejacques.ThreadsClone;
				PRODUCT_NAME = "$(TARGET_NAME)";
				SWIFT_EMIT_LOC_STRINGS = YES;
				SWIFT_VERSION = 5.0;
				TARGETED_DEVICE_FAMILY = "1,2";
			};
			name = Debug;
		};
		4097841B2C092D550010F509 /* Release */ = {
			isa = XCBuildConfiguration;
			buildSettings = {
				ASSETCATALOG_COMPILER_APPICON_NAME = AppIcon;
				ASSETCATALOG_COMPILER_GLOBAL_ACCENT_COLOR_NAME = AccentColor;
				CODE_SIGN_STYLE = Automatic;
				CURRENT_PROJECT_VERSION = 1;
				DEVELOPMENT_ASSET_PATHS = "\"ThreadsClone/Preview Content\"";
				DEVELOPMENT_TEAM = 3D9D57539G;
				ENABLE_PREVIEWS = YES;
				GENERATE_INFOPLIST_FILE = YES;
				INFOPLIST_KEY_LSApplicationCategoryType = "public.app-category.lifestyle";
				INFOPLIST_KEY_UIApplicationSceneManifest_Generation = YES;
				INFOPLIST_KEY_UIApplicationSupportsIndirectInputEvents = YES;
				INFOPLIST_KEY_UILaunchScreen_Generation = YES;
				INFOPLIST_KEY_UISupportedInterfaceOrientations_iPad = "UIInterfaceOrientationPortrait UIInterfaceOrientationPortraitUpsideDown UIInterfaceOrientationLandscapeLeft UIInterfaceOrientationLandscapeRight";
				INFOPLIST_KEY_UISupportedInterfaceOrientations_iPhone = "UIInterfaceOrientationPortrait UIInterfaceOrientationLandscapeLeft UIInterfaceOrientationLandscapeRight";
				LD_RUNPATH_SEARCH_PATHS = (
					"$(inherited)",
					"@executable_path/Frameworks",
				);
				MARKETING_VERSION = 1.0;
				PRODUCT_BUNDLE_IDENTIFIER = co.essejacques.ThreadsClone;
				PRODUCT_NAME = "$(TARGET_NAME)";
				SWIFT_EMIT_LOC_STRINGS = YES;
				SWIFT_VERSION = 5.0;
				TARGETED_DEVICE_FAMILY = "1,2";
			};
			name = Release;
		};
/* End XCBuildConfiguration section */

/* Begin XCConfigurationList section */
		409784062C092D520010F509 /* Build configuration list for PBXProject "ThreadsClone" */ = {
			isa = XCConfigurationList;
			buildConfigurations = (
				409784172C092D550010F509 /* Debug */,
				409784182C092D550010F509 /* Release */,
			);
			defaultConfigurationIsVisible = 0;
			defaultConfigurationName = Release;
		};
		409784192C092D550010F509 /* Build configuration list for PBXNativeTarget "ThreadsClone" */ = {
			isa = XCConfigurationList;
			buildConfigurations = (
				4097841A2C092D550010F509 /* Debug */,
				4097841B2C092D550010F509 /* Release */,
			);
			defaultConfigurationIsVisible = 0;
			defaultConfigurationName = Release;
		};
/* End XCConfigurationList section */

/* Begin XCRemoteSwiftPackageReference section */
		405E75E22C0AA7D000315324 /* XCRemoteSwiftPackageReference "firebase-ios-sdk" */ = {
			isa = XCRemoteSwiftPackageReference;
			repositoryURL = "https://github.com/firebase/firebase-ios-sdk";
			requirement = {
				kind = upToNextMajorVersion;
				minimumVersion = 10.27.0;
			};
		};
		40ACEF9A2C20557E00797A0E /* XCRemoteSwiftPackageReference "Kingfisher" */ = {
			isa = XCRemoteSwiftPackageReference;
			repositoryURL = "https://github.com/onevcat/Kingfisher.git";
			requirement = {
				kind = upToNextMajorVersion;
				minimumVersion = 7.12.0;
			};
		};
/* End XCRemoteSwiftPackageReference section */

/* Begin XCSwiftPackageProductDependency section */
		405E75E32C0AA7D000315324 /* FirebaseAuth */ = {
			isa = XCSwiftPackageProductDependency;
			package = 405E75E22C0AA7D000315324 /* XCRemoteSwiftPackageReference "firebase-ios-sdk" */;
			productName = FirebaseAuth;
		};
		405E75E52C0AA7D000315324 /* FirebaseDatabaseSwift */ = {
			isa = XCSwiftPackageProductDependency;
			package = 405E75E22C0AA7D000315324 /* XCRemoteSwiftPackageReference "firebase-ios-sdk" */;
			productName = FirebaseDatabaseSwift;
		};
		405E75E72C0AA7D000315324 /* FirebaseFirestore */ = {
			isa = XCSwiftPackageProductDependency;
			package = 405E75E22C0AA7D000315324 /* XCRemoteSwiftPackageReference "firebase-ios-sdk" */;
			productName = FirebaseFirestore;
		};
		40ACEF812C1F91BA00797A0E /* FirebaseFirestoreSwift */ = {
			isa = XCSwiftPackageProductDependency;
			package = 405E75E22C0AA7D000315324 /* XCRemoteSwiftPackageReference "firebase-ios-sdk" */;
			productName = FirebaseFirestoreSwift;
		};
		40ACEF982C2034FE00797A0E /* FirebaseStorage */ = {
			isa = XCSwiftPackageProductDependency;
			package = 405E75E22C0AA7D000315324 /* XCRemoteSwiftPackageReference "firebase-ios-sdk" */;
			productName = FirebaseStorage;
		};
		40ACEF9B2C20557E00797A0E /* Kingfisher */ = {
			isa = XCSwiftPackageProductDependency;
			package = 40ACEF9A2C20557E00797A0E /* XCRemoteSwiftPackageReference "Kingfisher" */;
			productName = Kingfisher;
		};
/* End XCSwiftPackageProductDependency section */
	};
	rootObject = 409784032C092D520010F509 /* Project object */;
}
